{
  "version": 4,
  "terraform_version": "1.0.2",
  "serial": 255,
  "lineage": "9172ff84-26d7-8403-4230-c8f77ec2bced",
  "outputs": {},
  "resources": [
    {
      "mode": "data",
      "type": "aws_caller_identity",
      "name": "id_current_account",
      "provider": "provider[\"registry.terraform.io/hashicorp/aws\"]",
      "instances": [
        {
          "schema_version": 0,
          "attributes": {
            "account_id": "907373327619",
            "arn": "arn:aws:iam::907373327619:user/DejiAdmin",
            "id": "907373327619",
            "user_id": "AIDA5GQ5KGUBTLYVLSFUH"
          },
          "sensitive_attributes": []
        }
      ]
    },
    {
      "mode": "managed",
      "type": "random_id",
      "name": "RANDOM_ID",
      "provider": "provider[\"registry.terraform.io/hashicorp/random\"]",
      "instances": [
        {
          "schema_version": 0,
          "attributes": {
            "b64_std": "Pds=",
            "b64_url": "Pds",
            "byte_length": 2,
            "dec": "15835",
            "hex": "3ddb",
            "id": "Pds",
            "keepers": null,
            "prefix": null
          },
          "sensitive_attributes": [],
          "private": "bnVsbA=="
        }
      ]
    },
    {
      "module": "module.IGW",
      "mode": "managed",
      "type": "aws_default_route_table",
      "name": "rt_public",
      "provider": "provider[\"registry.terraform.io/hashicorp/aws\"]",
      "instances": [
        {
          "schema_version": 0,
          "attributes": {
            "arn": "arn:aws:ec2:us-east-1:907373327619:route-table/rtb-02959eca6adae815f",
            "default_route_table_id": "rtb-02959eca6adae815f",
            "id": "rtb-02959eca6adae815f",
            "owner_id": "907373327619",
            "propagating_vgws": null,
            "route": [
              {
                "cidr_block": "0.0.0.0/0",
                "destination_prefix_list_id": "",
                "egress_only_gateway_id": "",
                "gateway_id": "igw-033f36d3117110bce",
                "instance_id": "",
                "ipv6_cidr_block": "",
                "nat_gateway_id": "",
                "network_interface_id": "",
                "transit_gateway_id": "",
                "vpc_endpoint_id": "",
                "vpc_peering_connection_id": ""
              }
            ],
            "tags": {
              "Name": "public_rt_Shared_Services"
            },
            "tags_all": {
              "Created_by": "Terraform",
              "Name": "public_rt_Shared_Services",
              "Project": "Ignite_team2_poc"
            },
            "vpc_id": "vpc-0aa7bb379dabc3d58"
          },
          "sensitive_attributes": [],
          "private": "bnVsbA==",
          "dependencies": [
            "module.IGW.aws_internet_gateway.igw",
            "module.networking5.aws_vpc.aws_vpc"
          ]
        }
      ]
    },
    {
      "module": "module.IGW",
      "mode": "managed",
      "type": "aws_internet_gateway",
      "name": "igw",
      "provider": "provider[\"registry.terraform.io/hashicorp/aws\"]",
      "instances": [
        {
          "schema_version": 0,
          "attributes": {
            "arn": "arn:aws:ec2:us-east-1:907373327619:internet-gateway/igw-033f36d3117110bce",
            "id": "igw-033f36d3117110bce",
            "owner_id": "907373327619",
            "tags": {
              "Name": "igw_Shared_Services"
            },
            "tags_all": {
              "Created_by": "Terraform",
              "Name": "igw_Shared_Services",
              "Project": "Ignite_team2_poc"
            },
            "vpc_id": "vpc-0aa7bb379dabc3d58"
          },
          "sensitive_attributes": [],
          "private": "bnVsbA==",
          "dependencies": [
            "module.networking5.aws_vpc.aws_vpc"
          ]
        }
      ]
    },
    {
      "module": "module.networking1",
      "mode": "data",
      "type": "aws_availability_zones",
      "name": "az_availables",
      "provider": "provider[\"registry.terraform.io/hashicorp/aws\"]",
      "instances": [
        {
          "schema_version": 0,
          "attributes": {
            "all_availability_zones": null,
            "exclude_names": null,
            "exclude_zone_ids": null,
            "filter": null,
            "group_names": [
              "us-east-1"
            ],
            "id": "us-east-1",
            "names": [
              "us-east-1a",
              "us-east-1b",
              "us-east-1c",
              "us-east-1d",
              "us-east-1e",
              "us-east-1f"
            ],
            "state": "available",
            "zone_ids": [
              "use1-az2",
              "use1-az4",
              "use1-az6",
              "use1-az1",
              "use1-az3",
              "use1-az5"
            ]
          },
          "sensitive_attributes": []
        }
      ]
    },
    {
      "module": "module.networking1",
      "mode": "managed",
      "type": "aws_ec2_transit_gateway_vpc_attachment",
      "name": "transit_gateway",
      "provider": "provider[\"registry.terraform.io/hashicorp/aws\"]",
      "instances": [
        {
          "schema_version": 0,
          "attributes": {
            "appliance_mode_support": "disable",
            "dns_support": "enable",
            "id": "tgw-attach-02b19ce32480d042e",
            "ipv6_support": "disable",
            "subnet_ids": [
              "subnet-0491cf9d45a88e9ad"
            ],
            "tags": {
              "Name": "tgw_Production"
            },
            "tags_all": {
              "Created_by": "Terraform",
              "Name": "tgw_Production",
              "Project": "Ignite_team2_poc"
            },
            "transit_gateway_default_route_table_association": true,
            "transit_gateway_default_route_table_propagation": true,
            "transit_gateway_id": "tgw-05b2d354f86132285",
            "vpc_id": "vpc-0f54d05efccfcc1a7",
            "vpc_owner_id": "907373327619"
          },
          "sensitive_attributes": [],
          "private": "bnVsbA==",
          "dependencies": [
            "module.networking1.aws_subnet.private_subnets",
            "module.networking1.aws_vpc.aws_vpc",
            "module.networking1.data.aws_availability_zones.az_availables",
            "module.tgw.aws_ec2_transit_gateway.tgw"
          ]
        }
      ]
    },
    {
      "module": "module.networking1",
      "mode": "managed",
      "type": "aws_subnet",
      "name": "private_subnets",
      "provider": "provider[\"registry.terraform.io/hashicorp/aws\"]",
      "instances": [
        {
          "index_key": 0,
          "schema_version": 1,
          "attributes": {
            "arn": "arn:aws:ec2:us-east-1:907373327619:subnet/subnet-0491cf9d45a88e9ad",
            "assign_ipv6_address_on_creation": false,
            "availability_zone": "us-east-1a",
            "availability_zone_id": "use1-az2",
            "cidr_block": "10.120.6.0/23",
            "customer_owned_ipv4_pool": "",
            "id": "subnet-0491cf9d45a88e9ad",
            "ipv6_cidr_block": "",
            "ipv6_cidr_block_association_id": "",
            "map_customer_owned_ip_on_launch": false,
            "map_public_ip_on_launch": false,
            "outpost_arn": "",
            "owner_id": "907373327619",
            "tags": {
              "Name": "private_subnet_0_Production"
            },
            "tags_all": {
              "Created_by": "Terraform",
              "Name": "private_subnet_0_Production",
              "Project": "Ignite_team2_poc"
            },
            "timeouts": null,
            "vpc_id": "vpc-0f54d05efccfcc1a7"
          },
          "sensitive_attributes": [],
          "private": "eyJlMmJmYjczMC1lY2FhLTExZTYtOGY4OC0zNDM2M2JjN2M0YzAiOnsiY3JlYXRlIjo2MDAwMDAwMDAwMDAsImRlbGV0ZSI6MTIwMDAwMDAwMDAwMH0sInNjaGVtYV92ZXJzaW9uIjoiMSJ9",
          "dependencies": [
            "module.networking1.aws_vpc.aws_vpc",
            "module.networking1.data.aws_availability_zones.az_availables"
          ]
        },
        {
          "index_key": 1,
          "schema_version": 1,
          "attributes": {
            "arn": "arn:aws:ec2:us-east-1:907373327619:subnet/subnet-00cfda6406bf5af25",
            "assign_ipv6_address_on_creation": false,
            "availability_zone": "us-east-1b",
            "availability_zone_id": "use1-az4",
            "cidr_block": "10.120.8.0/23",
            "customer_owned_ipv4_pool": "",
            "id": "subnet-00cfda6406bf5af25",
            "ipv6_cidr_block": "",
            "ipv6_cidr_block_association_id": "",
            "map_customer_owned_ip_on_launch": false,
            "map_public_ip_on_launch": false,
            "outpost_arn": "",
            "owner_id": "907373327619",
            "tags": {
              "Name": "private_subnet_1_Production"
            },
            "tags_all": {
              "Created_by": "Terraform",
              "Name": "private_subnet_1_Production",
              "Project": "Ignite_team2_poc"
            },
            "timeouts": null,
            "vpc_id": "vpc-0f54d05efccfcc1a7"
          },
          "sensitive_attributes": [],
          "private": "eyJlMmJmYjczMC1lY2FhLTExZTYtOGY4OC0zNDM2M2JjN2M0YzAiOnsiY3JlYXRlIjo2MDAwMDAwMDAwMDAsImRlbGV0ZSI6MTIwMDAwMDAwMDAwMH0sInNjaGVtYV92ZXJzaW9uIjoiMSJ9",
          "dependencies": [
            "module.networking1.aws_vpc.aws_vpc",
            "module.networking1.data.aws_availability_zones.az_availables"
          ]
        }
      ]
    },
    {
      "module": "module.networking1",
      "mode": "managed",
      "type": "aws_vpc",
      "name": "aws_vpc",
      "provider": "provider[\"registry.terraform.io/hashicorp/aws\"]",
      "instances": [
        {
          "schema_version": 1,
          "attributes": {
            "arn": "arn:aws:ec2:us-east-1:907373327619:vpc/vpc-0f54d05efccfcc1a7",
            "assign_generated_ipv6_cidr_block": false,
            "cidr_block": "10.120.0.0/16",
            "default_network_acl_id": "acl-04ae02b053d0f3e05",
            "default_route_table_id": "rtb-043a14137c6fb2646",
            "default_security_group_id": "sg-0fe0d413364046746",
            "dhcp_options_id": "dopt-2a525a50",
            "enable_classiclink": false,
            "enable_classiclink_dns_support": false,
            "enable_dns_hostnames": true,
            "enable_dns_support": true,
            "id": "vpc-0f54d05efccfcc1a7",
            "instance_tenancy": "default",
            "ipv6_association_id": "",
            "ipv6_cidr_block": "",
            "main_route_table_id": "rtb-043a14137c6fb2646",
            "owner_id": "907373327619",
            "tags": {
              "Name": "vpc_Production"
            },
            "tags_all": {
              "Created_by": "Terraform",
              "Name": "vpc_Production",
              "Project": "Ignite_team2_poc"
            }
          },
          "sensitive_attributes": [],
          "private": "eyJzY2hlbWFfdmVyc2lvbiI6IjEifQ=="
        }
      ]
    },
    {
      "module": "module.networking2",
      "mode": "data",
      "type": "aws_availability_zones",
      "name": "az_availables",
      "provider": "provider[\"registry.terraform.io/hashicorp/aws\"]",
      "instances": [
        {
          "schema_version": 0,
          "attributes": {
            "all_availability_zones": null,
            "exclude_names": null,
            "exclude_zone_ids": null,
            "filter": null,
            "group_names": [
              "us-east-1"
            ],
            "id": "us-east-1",
            "names": [
              "us-east-1a",
              "us-east-1b",
              "us-east-1c",
              "us-east-1d",
              "us-east-1e",
              "us-east-1f"
            ],
            "state": "available",
            "zone_ids": [
              "use1-az2",
              "use1-az4",
              "use1-az6",
              "use1-az1",
              "use1-az3",
              "use1-az5"
            ]
          },
          "sensitive_attributes": []
        }
      ]
    },
    {
      "module": "module.networking2",
      "mode": "managed",
      "type": "aws_ec2_transit_gateway_vpc_attachment",
      "name": "transit_gateway",
      "provider": "provider[\"registry.terraform.io/hashicorp/aws\"]",
      "instances": [
        {
          "schema_version": 0,
          "attributes": {
            "appliance_mode_support": "disable",
            "dns_support": "enable",
            "id": "tgw-attach-0219187580beec3a5",
            "ipv6_support": "disable",
            "subnet_ids": [
              "subnet-089dc32f5270c5c78"
            ],
            "tags": {
              "Name": "tgw_Staging"
            },
            "tags_all": {
              "Created_by": "Terraform",
              "Name": "tgw_Staging",
              "Project": "Ignite_team2_poc"
            },
            "transit_gateway_default_route_table_association": true,
            "transit_gateway_default_route_table_propagation": true,
            "transit_gateway_id": "tgw-05b2d354f86132285",
            "vpc_id": "vpc-0fcfb3403d47ed873",
            "vpc_owner_id": "907373327619"
          },
          "sensitive_attributes": [],
          "private": "bnVsbA==",
          "dependencies": [
            "module.networking2.aws_subnet.private_subnets",
            "module.networking2.aws_vpc.aws_vpc",
            "module.networking2.data.aws_availability_zones.az_availables",
            "module.tgw.aws_ec2_transit_gateway.tgw"
          ]
        }
      ]
    },
    {
      "module": "module.networking2",
      "mode": "managed",
      "type": "aws_subnet",
      "name": "private_subnets",
      "provider": "provider[\"registry.terraform.io/hashicorp/aws\"]",
      "instances": [
        {
          "index_key": 0,
          "schema_version": 1,
          "attributes": {
            "arn": "arn:aws:ec2:us-east-1:907373327619:subnet/subnet-089dc32f5270c5c78",
            "assign_ipv6_address_on_creation": false,
            "availability_zone": "us-east-1a",
            "availability_zone_id": "use1-az2",
            "cidr_block": "10.121.6.0/23",
            "customer_owned_ipv4_pool": "",
            "id": "subnet-089dc32f5270c5c78",
            "ipv6_cidr_block": "",
            "ipv6_cidr_block_association_id": "",
            "map_customer_owned_ip_on_launch": false,
            "map_public_ip_on_launch": false,
            "outpost_arn": "",
            "owner_id": "907373327619",
            "tags": {
              "Name": "private_subnet_0_Staging"
            },
            "tags_all": {
              "Created_by": "Terraform",
              "Name": "private_subnet_0_Staging",
              "Project": "Ignite_team2_poc"
            },
            "timeouts": null,
            "vpc_id": "vpc-0fcfb3403d47ed873"
          },
          "sensitive_attributes": [],
          "private": "eyJlMmJmYjczMC1lY2FhLTExZTYtOGY4OC0zNDM2M2JjN2M0YzAiOnsiY3JlYXRlIjo2MDAwMDAwMDAwMDAsImRlbGV0ZSI6MTIwMDAwMDAwMDAwMH0sInNjaGVtYV92ZXJzaW9uIjoiMSJ9",
          "dependencies": [
            "module.networking2.aws_vpc.aws_vpc",
            "module.networking2.data.aws_availability_zones.az_availables"
          ]
        },
        {
          "index_key": 1,
          "schema_version": 1,
          "attributes": {
            "arn": "arn:aws:ec2:us-east-1:907373327619:subnet/subnet-013692a50443965d8",
            "assign_ipv6_address_on_creation": false,
            "availability_zone": "us-east-1b",
            "availability_zone_id": "use1-az4",
            "cidr_block": "10.121.8.0/23",
            "customer_owned_ipv4_pool": "",
            "id": "subnet-013692a50443965d8",
            "ipv6_cidr_block": "",
            "ipv6_cidr_block_association_id": "",
            "map_customer_owned_ip_on_launch": false,
            "map_public_ip_on_launch": false,
            "outpost_arn": "",
            "owner_id": "907373327619",
            "tags": {
              "Name": "private_subnet_1_Staging"
            },
            "tags_all": {
              "Created_by": "Terraform",
              "Name": "private_subnet_1_Staging",
              "Project": "Ignite_team2_poc"
            },
            "timeouts": null,
            "vpc_id": "vpc-0fcfb3403d47ed873"
          },
          "sensitive_attributes": [],
          "private": "eyJlMmJmYjczMC1lY2FhLTExZTYtOGY4OC0zNDM2M2JjN2M0YzAiOnsiY3JlYXRlIjo2MDAwMDAwMDAwMDAsImRlbGV0ZSI6MTIwMDAwMDAwMDAwMH0sInNjaGVtYV92ZXJzaW9uIjoiMSJ9",
          "dependencies": [
            "module.networking2.aws_vpc.aws_vpc",
            "module.networking2.data.aws_availability_zones.az_availables"
          ]
        }
      ]
    },
    {
      "module": "module.networking2",
      "mode": "managed",
      "type": "aws_vpc",
      "name": "aws_vpc",
      "provider": "provider[\"registry.terraform.io/hashicorp/aws\"]",
      "instances": [
        {
          "schema_version": 1,
          "attributes": {
            "arn": "arn:aws:ec2:us-east-1:907373327619:vpc/vpc-0fcfb3403d47ed873",
            "assign_generated_ipv6_cidr_block": false,
            "cidr_block": "10.121.0.0/16",
            "default_network_acl_id": "acl-0e882a22bd9442983",
            "default_route_table_id": "rtb-08e423f7aba097833",
            "default_security_group_id": "sg-02eaddb957f764c38",
            "dhcp_options_id": "dopt-2a525a50",
            "enable_classiclink": false,
            "enable_classiclink_dns_support": false,
            "enable_dns_hostnames": true,
            "enable_dns_support": true,
            "id": "vpc-0fcfb3403d47ed873",
            "instance_tenancy": "default",
            "ipv6_association_id": "",
            "ipv6_cidr_block": "",
            "main_route_table_id": "rtb-08e423f7aba097833",
            "owner_id": "907373327619",
            "tags": {
              "Name": "vpc_Staging"
            },
            "tags_all": {
              "Created_by": "Terraform",
              "Name": "vpc_Staging",
              "Project": "Ignite_team2_poc"
            }
          },
          "sensitive_attributes": [],
          "private": "eyJzY2hlbWFfdmVyc2lvbiI6IjEifQ=="
        }
      ]
    },
    {
      "module": "module.networking3",
      "mode": "data",
      "type": "aws_availability_zones",
      "name": "az_availables",
      "provider": "provider[\"registry.terraform.io/hashicorp/aws\"]",
      "instances": [
        {
          "schema_version": 0,
          "attributes": {
            "all_availability_zones": null,
            "exclude_names": null,
            "exclude_zone_ids": null,
            "filter": null,
            "group_names": [
              "us-east-1"
            ],
            "id": "us-east-1",
            "names": [
              "us-east-1a",
              "us-east-1b",
              "us-east-1c",
              "us-east-1d",
              "us-east-1e",
              "us-east-1f"
            ],
            "state": "available",
            "zone_ids": [
              "use1-az2",
              "use1-az4",
              "use1-az6",
              "use1-az1",
              "use1-az3",
              "use1-az5"
            ]
          },
          "sensitive_attributes": []
        }
      ]
    },
    {
      "module": "module.networking3",
      "mode": "managed",
      "type": "aws_ec2_transit_gateway_vpc_attachment",
      "name": "transit_gateway",
      "provider": "provider[\"registry.terraform.io/hashicorp/aws\"]",
      "instances": [
        {
          "schema_version": 0,
          "attributes": {
            "appliance_mode_support": "disable",
            "dns_support": "enable",
            "id": "tgw-attach-09d40e6793bfad977",
            "ipv6_support": "disable",
            "subnet_ids": [
              "subnet-0e76c8024e4e17b4f"
            ],
            "tags": {
              "Name": "tgw_Development"
            },
            "tags_all": {
              "Created_by": "Terraform",
              "Name": "tgw_Development",
              "Project": "Ignite_team2_poc"
            },
            "transit_gateway_default_route_table_association": true,
            "transit_gateway_default_route_table_propagation": true,
            "transit_gateway_id": "tgw-05b2d354f86132285",
            "vpc_id": "vpc-0ce05e58b7f14dc71",
            "vpc_owner_id": "907373327619"
          },
          "sensitive_attributes": [],
          "private": "bnVsbA==",
          "dependencies": [
            "module.networking3.aws_subnet.private_subnets",
            "module.networking3.aws_vpc.aws_vpc",
            "module.networking3.data.aws_availability_zones.az_availables",
            "module.tgw.aws_ec2_transit_gateway.tgw"
          ]
        }
      ]
    },
    {
      "module": "module.networking3",
      "mode": "managed",
      "type": "aws_subnet",
      "name": "private_subnets",
      "provider": "provider[\"registry.terraform.io/hashicorp/aws\"]",
      "instances": [
        {
          "index_key": 0,
          "schema_version": 1,
          "attributes": {
            "arn": "arn:aws:ec2:us-east-1:907373327619:subnet/subnet-0e76c8024e4e17b4f",
            "assign_ipv6_address_on_creation": false,
            "availability_zone": "us-east-1a",
            "availability_zone_id": "use1-az2",
            "cidr_block": "10.122.6.0/23",
            "customer_owned_ipv4_pool": "",
            "id": "subnet-0e76c8024e4e17b4f",
            "ipv6_cidr_block": "",
            "ipv6_cidr_block_association_id": "",
            "map_customer_owned_ip_on_launch": false,
            "map_public_ip_on_launch": false,
            "outpost_arn": "",
            "owner_id": "907373327619",
            "tags": {
              "Name": "private_subnet_0_Development"
            },
            "tags_all": {
              "Created_by": "Terraform",
              "Name": "private_subnet_0_Development",
              "Project": "Ignite_team2_poc"
            },
            "timeouts": null,
            "vpc_id": "vpc-0ce05e58b7f14dc71"
          },
          "sensitive_attributes": [],
          "private": "eyJlMmJmYjczMC1lY2FhLTExZTYtOGY4OC0zNDM2M2JjN2M0YzAiOnsiY3JlYXRlIjo2MDAwMDAwMDAwMDAsImRlbGV0ZSI6MTIwMDAwMDAwMDAwMH0sInNjaGVtYV92ZXJzaW9uIjoiMSJ9",
          "dependencies": [
            "module.networking3.aws_vpc.aws_vpc",
            "module.networking3.data.aws_availability_zones.az_availables"
          ]
        },
        {
          "index_key": 1,
          "schema_version": 1,
          "attributes": {
            "arn": "arn:aws:ec2:us-east-1:907373327619:subnet/subnet-01b13bbd0322ecf76",
            "assign_ipv6_address_on_creation": false,
            "availability_zone": "us-east-1b",
            "availability_zone_id": "use1-az4",
            "cidr_block": "10.122.8.0/23",
            "customer_owned_ipv4_pool": "",
            "id": "subnet-01b13bbd0322ecf76",
            "ipv6_cidr_block": "",
            "ipv6_cidr_block_association_id": "",
            "map_customer_owned_ip_on_launch": false,
            "map_public_ip_on_launch": false,
            "outpost_arn": "",
            "owner_id": "907373327619",
            "tags": {
              "Name": "private_subnet_1_Development"
            },
            "tags_all": {
              "Created_by": "Terraform",
              "Name": "private_subnet_1_Development",
              "Project": "Ignite_team2_poc"
            },
            "timeouts": null,
            "vpc_id": "vpc-0ce05e58b7f14dc71"
          },
          "sensitive_attributes": [],
          "private": "eyJlMmJmYjczMC1lY2FhLTExZTYtOGY4OC0zNDM2M2JjN2M0YzAiOnsiY3JlYXRlIjo2MDAwMDAwMDAwMDAsImRlbGV0ZSI6MTIwMDAwMDAwMDAwMH0sInNjaGVtYV92ZXJzaW9uIjoiMSJ9",
          "dependencies": [
            "module.networking3.aws_vpc.aws_vpc",
            "module.networking3.data.aws_availability_zones.az_availables"
          ]
        }
      ]
    },
    {
      "module": "module.networking3",
      "mode": "managed",
      "type": "aws_vpc",
      "name": "aws_vpc",
      "provider": "provider[\"registry.terraform.io/hashicorp/aws\"]",
      "instances": [
        {
          "schema_version": 1,
          "attributes": {
            "arn": "arn:aws:ec2:us-east-1:907373327619:vpc/vpc-0ce05e58b7f14dc71",
            "assign_generated_ipv6_cidr_block": false,
            "cidr_block": "10.122.0.0/16",
            "default_network_acl_id": "acl-0c82291b64600e80c",
            "default_route_table_id": "rtb-02428e3b7d441986e",
            "default_security_group_id": "sg-0a49e5c55e3223deb",
            "dhcp_options_id": "dopt-2a525a50",
            "enable_classiclink": false,
            "enable_classiclink_dns_support": false,
            "enable_dns_hostnames": true,
            "enable_dns_support": true,
            "id": "vpc-0ce05e58b7f14dc71",
            "instance_tenancy": "default",
            "ipv6_association_id": "",
            "ipv6_cidr_block": "",
            "main_route_table_id": "rtb-02428e3b7d441986e",
            "owner_id": "907373327619",
            "tags": {
              "Name": "vpc_Development"
            },
            "tags_all": {
              "Created_by": "Terraform",
              "Name": "vpc_Development",
              "Project": "Ignite_team2_poc"
            }
          },
          "sensitive_attributes": [],
          "private": "eyJzY2hlbWFfdmVyc2lvbiI6IjEifQ=="
        }
      ]
    },
    {
      "module": "module.networking5",
      "mode": "data",
      "type": "aws_availability_zones",
      "name": "az_availables",
      "provider": "provider[\"registry.terraform.io/hashicorp/aws\"]",
      "instances": [
        {
          "schema_version": 0,
          "attributes": {
            "all_availability_zones": null,
            "exclude_names": null,
            "exclude_zone_ids": null,
            "filter": null,
            "group_names": [
              "us-east-1"
            ],
            "id": "us-east-1",
            "names": [
              "us-east-1a",
              "us-east-1b",
              "us-east-1c",
              "us-east-1d",
              "us-east-1e",
              "us-east-1f"
            ],
            "state": "available",
            "zone_ids": [
              "use1-az2",
              "use1-az4",
              "use1-az6",
              "use1-az1",
              "use1-az3",
              "use1-az5"
            ]
          },
          "sensitive_attributes": []
        }
      ]
    },
    {
      "module": "module.networking5",
      "mode": "managed",
      "type": "aws_ec2_transit_gateway_vpc_attachment",
      "name": "transit_gateway",
      "provider": "provider[\"registry.terraform.io/hashicorp/aws\"]",
      "instances": [
        {
          "schema_version": 0,
          "attributes": {
            "appliance_mode_support": "disable",
            "dns_support": "enable",
            "id": "tgw-attach-01a2a47d9f7f86201",
            "ipv6_support": "disable",
            "subnet_ids": [
              "subnet-0fcfb4f4ff1d174ed"
            ],
            "tags": {
              "Name": "tgw_SharedServices"
            },
            "tags_all": {
              "Created_by": "Terraform",
              "Name": "tgw_SharedServices",
              "Project": "Ignite_team2_poc"
            },
            "transit_gateway_default_route_table_association": true,
            "transit_gateway_default_route_table_propagation": true,
            "transit_gateway_id": "tgw-05b2d354f86132285",
            "vpc_id": "vpc-0aa7bb379dabc3d58",
            "vpc_owner_id": "907373327619"
          },
          "sensitive_attributes": [],
          "private": "bnVsbA==",
          "dependencies": [
            "module.networking5.aws_subnet.private_subnets",
            "module.networking5.aws_vpc.aws_vpc",
            "module.networking5.data.aws_availability_zones.az_availables",
            "module.tgw.aws_ec2_transit_gateway.tgw"
          ]
        }
      ]
    },
    {
      "module": "module.networking5",
      "mode": "managed",
      "type": "aws_route_table_association",
      "name": "rt_assoc_pub_subnets",
      "provider": "provider[\"registry.terraform.io/hashicorp/aws\"]",
      "instances": [
        {
          "index_key": 0,
          "schema_version": 0,
          "attributes": {
            "gateway_id": "",
            "id": "rtbassoc-06c78aebf4b924862",
            "route_table_id": "rtb-02959eca6adae815f",
            "subnet_id": "subnet-0464b286a30475974"
          },
          "sensitive_attributes": [],
          "private": "bnVsbA==",
          "dependencies": [
            "module.networking5.aws_subnet.public_subnets",
            "module.networking5.aws_vpc.aws_vpc",
            "module.networking5.data.aws_availability_zones.az_availables"
          ]
        }
      ]
    },
    {
      "module": "module.networking5",
      "mode": "managed",
      "type": "aws_subnet",
      "name": "private_subnets",
      "provider": "provider[\"registry.terraform.io/hashicorp/aws\"]",
      "instances": [
        {
          "index_key": 0,
          "schema_version": 1,
          "attributes": {
            "arn": "arn:aws:ec2:us-east-1:907373327619:subnet/subnet-0fcfb4f4ff1d174ed",
            "assign_ipv6_address_on_creation": false,
            "availability_zone": "us-east-1a",
            "availability_zone_id": "use1-az2",
            "cidr_block": "10.123.6.0/23",
            "customer_owned_ipv4_pool": "",
            "id": "subnet-0fcfb4f4ff1d174ed",
            "ipv6_cidr_block": "",
            "ipv6_cidr_block_association_id": "",
            "map_customer_owned_ip_on_launch": false,
            "map_public_ip_on_launch": false,
            "outpost_arn": "",
            "owner_id": "907373327619",
            "tags": {
              "Name": "private_subnet_0_SharedServices"
            },
            "tags_all": {
              "Created_by": "Terraform",
              "Name": "private_subnet_0_SharedServices",
              "Project": "Ignite_team2_poc"
            },
            "timeouts": null,
            "vpc_id": "vpc-0aa7bb379dabc3d58"
          },
          "sensitive_attributes": [],
          "private": "eyJlMmJmYjczMC1lY2FhLTExZTYtOGY4OC0zNDM2M2JjN2M0YzAiOnsiY3JlYXRlIjo2MDAwMDAwMDAwMDAsImRlbGV0ZSI6MTIwMDAwMDAwMDAwMH0sInNjaGVtYV92ZXJzaW9uIjoiMSJ9",
          "dependencies": [
            "module.networking5.aws_vpc.aws_vpc",
            "module.networking5.data.aws_availability_zones.az_availables"
          ]
        }
      ]
    },
    {
      "module": "module.networking5",
      "mode": "managed",
      "type": "aws_subnet",
      "name": "public_subnets",
      "provider": "provider[\"registry.terraform.io/hashicorp/aws\"]",
      "instances": [
        {
          "index_key": 0,
          "schema_version": 1,
          "attributes": {
            "arn": "arn:aws:ec2:us-east-1:907373327619:subnet/subnet-0464b286a30475974",
            "assign_ipv6_address_on_creation": false,
            "availability_zone": "us-east-1a",
            "availability_zone_id": "use1-az2",
            "cidr_block": "10.123.2.0/23",
            "customer_owned_ipv4_pool": "",
            "id": "subnet-0464b286a30475974",
            "ipv6_cidr_block": "",
            "ipv6_cidr_block_association_id": "",
            "map_customer_owned_ip_on_launch": false,
            "map_public_ip_on_launch": true,
            "outpost_arn": "",
            "owner_id": "907373327619",
            "tags": {
              "Name": "public_subnet_0_SharedServices"
            },
            "tags_all": {
              "Created_by": "Terraform",
              "Name": "public_subnet_0_SharedServices",
              "Project": "Ignite_team2_poc"
            },
            "timeouts": null,
            "vpc_id": "vpc-0aa7bb379dabc3d58"
          },
          "sensitive_attributes": [],
          "private": "eyJlMmJmYjczMC1lY2FhLTExZTYtOGY4OC0zNDM2M2JjN2M0YzAiOnsiY3JlYXRlIjo2MDAwMDAwMDAwMDAsImRlbGV0ZSI6MTIwMDAwMDAwMDAwMH0sInNjaGVtYV92ZXJzaW9uIjoiMSJ9",
          "dependencies": [
            "module.networking5.aws_vpc.aws_vpc",
            "module.networking5.data.aws_availability_zones.az_availables"
          ]
        }
      ]
    },
    {
      "module": "module.networking5",
      "mode": "managed",
      "type": "aws_vpc",
      "name": "aws_vpc",
      "provider": "provider[\"registry.terraform.io/hashicorp/aws\"]",
      "instances": [
        {
          "schema_version": 1,
          "attributes": {
            "arn": "arn:aws:ec2:us-east-1:907373327619:vpc/vpc-0aa7bb379dabc3d58",
            "assign_generated_ipv6_cidr_block": false,
            "cidr_block": "10.123.0.0/16",
            "default_network_acl_id": "acl-09c780cb92bc3b5a1",
            "default_route_table_id": "rtb-02959eca6adae815f",
            "default_security_group_id": "sg-0dae7eb2769582dfa",
            "dhcp_options_id": "dopt-2a525a50",
            "enable_classiclink": false,
            "enable_classiclink_dns_support": false,
            "enable_dns_hostnames": true,
            "enable_dns_support": true,
            "id": "vpc-0aa7bb379dabc3d58",
            "instance_tenancy": "default",
            "ipv6_association_id": "",
            "ipv6_cidr_block": "",
            "main_route_table_id": "rtb-02959eca6adae815f",
            "owner_id": "907373327619",
            "tags": {
              "Name": "vpc_SharedServices"
            },
            "tags_all": {
              "Created_by": "Terraform",
              "Name": "vpc_SharedServices",
              "Project": "Ignite_team2_poc"
            }
          },
          "sensitive_attributes": [],
          "private": "eyJzY2hlbWFfdmVyc2lvbiI6IjEifQ=="
        }
      ]
    },
    {
      "module": "module.tgw",
      "mode": "managed",
      "type": "aws_ec2_transit_gateway",
      "name": "tgw",
      "provider": "provider[\"registry.terraform.io/hashicorp/aws\"]",
      "instances": [
        {
          "schema_version": 0,
          "attributes": {
            "amazon_side_asn": 64512,
            "arn": "arn:aws:ec2:us-east-1:907373327619:transit-gateway/tgw-05b2d354f86132285",
            "association_default_route_table_id": "tgw-rtb-09c15a35fdb8463da",
            "auto_accept_shared_attachments": "disable",
            "default_route_table_association": "enable",
            "default_route_table_propagation": "enable",
            "description": "transit gateway",
            "dns_support": "enable",
            "id": "tgw-05b2d354f86132285",
            "owner_id": "907373327619",
            "propagation_default_route_table_id": "tgw-rtb-09c15a35fdb8463da",
            "tags": {
              "Name": "tgw_poc"
            },
            "tags_all": {
              "Created_by": "Terraform",
              "Name": "tgw_poc",
              "Project": "Ignite_team2_poc"
            },
            "vpn_ecmp_support": "enable"
          },
          "sensitive_attributes": [],
          "private": "bnVsbA=="
        }
      ]
    }
  ]
}
