{
  "version": 4,
  "terraform_version": "1.0.2",
  "serial": 17,
  "lineage": "9172ff84-26d7-8403-4230-c8f77ec2bced",
  "outputs": {},
  "resources": [
    {
      "mode": "data",
      "type": "aws_caller_identity",
      "name": "id_current_account",
      "provider": "provider[\"registry.terraform.io/hashicorp/aws\"]",
      "instances": [
        {
          "schema_version": 0,
          "attributes": {
            "account_id": "907373327619",
            "arn": "arn:aws:iam::907373327619:user/DejiAdmin",
            "id": "907373327619",
            "user_id": "AIDA5GQ5KGUBTLYVLSFUH"
          },
          "sensitive_attributes": []
        }
      ]
    },
    {
      "mode": "managed",
      "type": "random_id",
      "name": "RANDOM_ID",
      "provider": "provider[\"registry.terraform.io/hashicorp/random\"]",
      "instances": [
        {
          "schema_version": 0,
          "attributes": {
            "b64_std": "e8s=",
            "b64_url": "e8s",
            "byte_length": 2,
            "dec": "31691",
            "hex": "7bcb",
            "id": "e8s",
            "keepers": null,
            "prefix": null
          },
          "sensitive_attributes": [],
          "private": "bnVsbA=="
        }
      ]
    },
    {
      "module": "module.networking1",
      "mode": "data",
      "type": "aws_availability_zones",
      "name": "az_availables",
      "provider": "provider[\"registry.terraform.io/hashicorp/aws\"]",
      "instances": [
        {
          "schema_version": 0,
          "attributes": {
            "all_availability_zones": null,
            "exclude_names": null,
            "exclude_zone_ids": null,
            "filter": null,
            "group_names": [
              "us-east-1"
            ],
            "id": "us-east-1",
            "names": [
              "us-east-1a",
              "us-east-1b",
              "us-east-1c",
              "us-east-1d",
              "us-east-1e",
              "us-east-1f"
            ],
            "state": "available",
            "zone_ids": [
              "use1-az2",
              "use1-az4",
              "use1-az6",
              "use1-az1",
              "use1-az3",
              "use1-az5"
            ]
          },
          "sensitive_attributes": []
        }
      ]
    },
    {
      "module": "module.networking1",
      "mode": "managed",
      "type": "aws_subnet",
      "name": "private_subnets_client",
      "provider": "provider[\"registry.terraform.io/hashicorp/aws\"]",
      "instances": [
        {
          "index_key": 0,
          "schema_version": 1,
          "attributes": {
            "arn": "arn:aws:ec2:us-east-1:907373327619:subnet/subnet-09c983cd1d19dc74a",
            "assign_ipv6_address_on_creation": false,
            "availability_zone": "us-east-1a",
            "availability_zone_id": "use1-az2",
            "cidr_block": "10.120.6.0/23",
            "customer_owned_ipv4_pool": "",
            "id": "subnet-09c983cd1d19dc74a",
            "ipv6_cidr_block": "",
            "ipv6_cidr_block_association_id": "",
            "map_customer_owned_ip_on_launch": false,
            "map_public_ip_on_launch": false,
            "outpost_arn": "",
            "owner_id": "907373327619",
            "tags": {
              "Name": "private_subnet_client_0_Production"
            },
            "tags_all": {
              "Created_by": "Terraform",
              "Name": "private_subnet_client_0_Production",
              "Project": "Ignite_team2_poc"
            },
            "timeouts": null,
            "vpc_id": "vpc-09a4825ae94c5f796"
          },
          "sensitive_attributes": [],
          "private": "eyJlMmJmYjczMC1lY2FhLTExZTYtOGY4OC0zNDM2M2JjN2M0YzAiOnsiY3JlYXRlIjo2MDAwMDAwMDAwMDAsImRlbGV0ZSI6MTIwMDAwMDAwMDAwMH0sInNjaGVtYV92ZXJzaW9uIjoiMSJ9",
          "dependencies": [
            "module.networking1.aws_vpc.aws_vpc",
            "module.networking1.data.aws_availability_zones.az_availables"
          ]
        },
        {
          "index_key": 1,
          "schema_version": 1,
          "attributes": {
            "arn": "arn:aws:ec2:us-east-1:907373327619:subnet/subnet-0315ab198d4d4cb48",
            "assign_ipv6_address_on_creation": false,
            "availability_zone": "us-east-1b",
            "availability_zone_id": "use1-az4",
            "cidr_block": "10.120.8.0/23",
            "customer_owned_ipv4_pool": "",
            "id": "subnet-0315ab198d4d4cb48",
            "ipv6_cidr_block": "",
            "ipv6_cidr_block_association_id": "",
            "map_customer_owned_ip_on_launch": false,
            "map_public_ip_on_launch": false,
            "outpost_arn": "",
            "owner_id": "907373327619",
            "tags": {
              "Name": "private_subnet_client_1_Production"
            },
            "tags_all": {
              "Created_by": "Terraform",
              "Name": "private_subnet_client_1_Production",
              "Project": "Ignite_team2_poc"
            },
            "timeouts": null,
            "vpc_id": "vpc-09a4825ae94c5f796"
          },
          "sensitive_attributes": [],
          "private": "eyJlMmJmYjczMC1lY2FhLTExZTYtOGY4OC0zNDM2M2JjN2M0YzAiOnsiY3JlYXRlIjo2MDAwMDAwMDAwMDAsImRlbGV0ZSI6MTIwMDAwMDAwMDAwMH0sInNjaGVtYV92ZXJzaW9uIjoiMSJ9",
          "dependencies": [
            "module.networking1.aws_vpc.aws_vpc",
            "module.networking1.data.aws_availability_zones.az_availables"
          ]
        }
      ]
    },
    {
      "module": "module.networking1",
      "mode": "managed",
      "type": "aws_subnet",
      "name": "public_subnets",
      "provider": "provider[\"registry.terraform.io/hashicorp/aws\"]",
      "instances": [
        {
          "index_key": 0,
          "schema_version": 1,
          "attributes": {
            "arn": "arn:aws:ec2:us-east-1:907373327619:subnet/subnet-060b24b39f9195e26",
            "assign_ipv6_address_on_creation": false,
            "availability_zone": "us-east-1a",
            "availability_zone_id": "use1-az2",
            "cidr_block": "10.120.2.0/23",
            "customer_owned_ipv4_pool": "",
            "id": "subnet-060b24b39f9195e26",
            "ipv6_cidr_block": "",
            "ipv6_cidr_block_association_id": "",
            "map_customer_owned_ip_on_launch": false,
            "map_public_ip_on_launch": true,
            "outpost_arn": "",
            "owner_id": "907373327619",
            "tags": {
              "Name": "public_subnet_0_Production"
            },
            "tags_all": {
              "Created_by": "Terraform",
              "Name": "public_subnet_0_Production",
              "Project": "Ignite_team2_poc"
            },
            "timeouts": null,
            "vpc_id": "vpc-09a4825ae94c5f796"
          },
          "sensitive_attributes": [],
          "private": "eyJlMmJmYjczMC1lY2FhLTExZTYtOGY4OC0zNDM2M2JjN2M0YzAiOnsiY3JlYXRlIjo2MDAwMDAwMDAwMDAsImRlbGV0ZSI6MTIwMDAwMDAwMDAwMH0sInNjaGVtYV92ZXJzaW9uIjoiMSJ9",
          "dependencies": [
            "module.networking1.aws_vpc.aws_vpc",
            "module.networking1.data.aws_availability_zones.az_availables"
          ]
        },
        {
          "index_key": 1,
          "schema_version": 1,
          "attributes": {
            "arn": "arn:aws:ec2:us-east-1:907373327619:subnet/subnet-0e83efd41b837ffa9",
            "assign_ipv6_address_on_creation": false,
            "availability_zone": "us-east-1b",
            "availability_zone_id": "use1-az4",
            "cidr_block": "10.120.4.0/23",
            "customer_owned_ipv4_pool": "",
            "id": "subnet-0e83efd41b837ffa9",
            "ipv6_cidr_block": "",
            "ipv6_cidr_block_association_id": "",
            "map_customer_owned_ip_on_launch": false,
            "map_public_ip_on_launch": true,
            "outpost_arn": "",
            "owner_id": "907373327619",
            "tags": {
              "Name": "public_subnet_1_Production"
            },
            "tags_all": {
              "Created_by": "Terraform",
              "Name": "public_subnet_1_Production",
              "Project": "Ignite_team2_poc"
            },
            "timeouts": null,
            "vpc_id": "vpc-09a4825ae94c5f796"
          },
          "sensitive_attributes": [],
          "private": "eyJlMmJmYjczMC1lY2FhLTExZTYtOGY4OC0zNDM2M2JjN2M0YzAiOnsiY3JlYXRlIjo2MDAwMDAwMDAwMDAsImRlbGV0ZSI6MTIwMDAwMDAwMDAwMH0sInNjaGVtYV92ZXJzaW9uIjoiMSJ9",
          "dependencies": [
            "module.networking1.aws_vpc.aws_vpc",
            "module.networking1.data.aws_availability_zones.az_availables"
          ]
        }
      ]
    },
    {
      "module": "module.networking1",
      "mode": "managed",
      "type": "aws_vpc",
      "name": "aws_vpc",
      "provider": "provider[\"registry.terraform.io/hashicorp/aws\"]",
      "instances": [
        {
          "schema_version": 1,
          "attributes": {
            "arn": "arn:aws:ec2:us-east-1:907373327619:vpc/vpc-09a4825ae94c5f796",
            "assign_generated_ipv6_cidr_block": false,
            "cidr_block": "10.120.0.0/16",
            "default_network_acl_id": "acl-04cc3eda1245e5a2e",
            "default_route_table_id": "rtb-09ad6fd0f433bf526",
            "default_security_group_id": "sg-0c18d09ef3297bbb8",
            "dhcp_options_id": "dopt-2a525a50",
            "enable_classiclink": false,
            "enable_classiclink_dns_support": false,
            "enable_dns_hostnames": true,
            "enable_dns_support": true,
            "id": "vpc-09a4825ae94c5f796",
            "instance_tenancy": "default",
            "ipv6_association_id": "",
            "ipv6_cidr_block": "",
            "main_route_table_id": "rtb-09ad6fd0f433bf526",
            "owner_id": "907373327619",
            "tags": {
              "Name": "vpc_Production"
            },
            "tags_all": {
              "Created_by": "Terraform",
              "Name": "vpc_Production",
              "Project": "Ignite_team2_poc"
            }
          },
          "sensitive_attributes": [],
          "private": "eyJzY2hlbWFfdmVyc2lvbiI6IjEifQ=="
        }
      ]
    },
    {
      "module": "module.networking2",
      "mode": "data",
      "type": "aws_availability_zones",
      "name": "az_availables",
      "provider": "provider[\"registry.terraform.io/hashicorp/aws\"]",
      "instances": [
        {
          "schema_version": 0,
          "attributes": {
            "all_availability_zones": null,
            "exclude_names": null,
            "exclude_zone_ids": null,
            "filter": null,
            "group_names": [
              "us-east-1"
            ],
            "id": "us-east-1",
            "names": [
              "us-east-1a",
              "us-east-1b",
              "us-east-1c",
              "us-east-1d",
              "us-east-1e",
              "us-east-1f"
            ],
            "state": "available",
            "zone_ids": [
              "use1-az2",
              "use1-az4",
              "use1-az6",
              "use1-az1",
              "use1-az3",
              "use1-az5"
            ]
          },
          "sensitive_attributes": []
        }
      ]
    },
    {
      "module": "module.networking2",
      "mode": "managed",
      "type": "aws_subnet",
      "name": "private_subnets_client",
      "provider": "provider[\"registry.terraform.io/hashicorp/aws\"]",
      "instances": [
        {
          "index_key": 0,
          "schema_version": 1,
          "attributes": {
            "arn": "arn:aws:ec2:us-east-1:907373327619:subnet/subnet-0dbf65089172a6da5",
            "assign_ipv6_address_on_creation": false,
            "availability_zone": "us-east-1a",
            "availability_zone_id": "use1-az2",
            "cidr_block": "10.120.6.0/23",
            "customer_owned_ipv4_pool": "",
            "id": "subnet-0dbf65089172a6da5",
            "ipv6_cidr_block": "",
            "ipv6_cidr_block_association_id": "",
            "map_customer_owned_ip_on_launch": false,
            "map_public_ip_on_launch": false,
            "outpost_arn": "",
            "owner_id": "907373327619",
            "tags": {
              "Name": "private_subnet_client_0_Staging"
            },
            "tags_all": {
              "Created_by": "Terraform",
              "Name": "private_subnet_client_0_Staging",
              "Project": "Ignite_team2_poc"
            },
            "timeouts": null,
            "vpc_id": "vpc-00e2cef60b5657e2e"
          },
          "sensitive_attributes": [],
          "private": "eyJlMmJmYjczMC1lY2FhLTExZTYtOGY4OC0zNDM2M2JjN2M0YzAiOnsiY3JlYXRlIjo2MDAwMDAwMDAwMDAsImRlbGV0ZSI6MTIwMDAwMDAwMDAwMH0sInNjaGVtYV92ZXJzaW9uIjoiMSJ9",
          "dependencies": [
            "module.networking2.aws_vpc.aws_vpc",
            "module.networking2.data.aws_availability_zones.az_availables"
          ]
        },
        {
          "index_key": 1,
          "schema_version": 1,
          "attributes": {
            "arn": "arn:aws:ec2:us-east-1:907373327619:subnet/subnet-0354988056cfbbd36",
            "assign_ipv6_address_on_creation": false,
            "availability_zone": "us-east-1b",
            "availability_zone_id": "use1-az4",
            "cidr_block": "10.120.8.0/23",
            "customer_owned_ipv4_pool": "",
            "id": "subnet-0354988056cfbbd36",
            "ipv6_cidr_block": "",
            "ipv6_cidr_block_association_id": "",
            "map_customer_owned_ip_on_launch": false,
            "map_public_ip_on_launch": false,
            "outpost_arn": "",
            "owner_id": "907373327619",
            "tags": {
              "Name": "private_subnet_client_1_Staging"
            },
            "tags_all": {
              "Created_by": "Terraform",
              "Name": "private_subnet_client_1_Staging",
              "Project": "Ignite_team2_poc"
            },
            "timeouts": null,
            "vpc_id": "vpc-00e2cef60b5657e2e"
          },
          "sensitive_attributes": [],
          "private": "eyJlMmJmYjczMC1lY2FhLTExZTYtOGY4OC0zNDM2M2JjN2M0YzAiOnsiY3JlYXRlIjo2MDAwMDAwMDAwMDAsImRlbGV0ZSI6MTIwMDAwMDAwMDAwMH0sInNjaGVtYV92ZXJzaW9uIjoiMSJ9",
          "dependencies": [
            "module.networking2.aws_vpc.aws_vpc",
            "module.networking2.data.aws_availability_zones.az_availables"
          ]
        }
      ]
    },
    {
      "module": "module.networking2",
      "mode": "managed",
      "type": "aws_subnet",
      "name": "public_subnets",
      "provider": "provider[\"registry.terraform.io/hashicorp/aws\"]",
      "instances": [
        {
          "index_key": 0,
          "schema_version": 1,
          "attributes": {
            "arn": "arn:aws:ec2:us-east-1:907373327619:subnet/subnet-0ecc58eea7d004381",
            "assign_ipv6_address_on_creation": false,
            "availability_zone": "us-east-1a",
            "availability_zone_id": "use1-az2",
            "cidr_block": "10.120.2.0/23",
            "customer_owned_ipv4_pool": "",
            "id": "subnet-0ecc58eea7d004381",
            "ipv6_cidr_block": "",
            "ipv6_cidr_block_association_id": "",
            "map_customer_owned_ip_on_launch": false,
            "map_public_ip_on_launch": true,
            "outpost_arn": "",
            "owner_id": "907373327619",
            "tags": {
              "Name": "public_subnet_0_Staging"
            },
            "tags_all": {
              "Created_by": "Terraform",
              "Name": "public_subnet_0_Staging",
              "Project": "Ignite_team2_poc"
            },
            "timeouts": null,
            "vpc_id": "vpc-00e2cef60b5657e2e"
          },
          "sensitive_attributes": [],
          "private": "eyJlMmJmYjczMC1lY2FhLTExZTYtOGY4OC0zNDM2M2JjN2M0YzAiOnsiY3JlYXRlIjo2MDAwMDAwMDAwMDAsImRlbGV0ZSI6MTIwMDAwMDAwMDAwMH0sInNjaGVtYV92ZXJzaW9uIjoiMSJ9",
          "dependencies": [
            "module.networking2.aws_vpc.aws_vpc",
            "module.networking2.data.aws_availability_zones.az_availables"
          ]
        },
        {
          "index_key": 1,
          "schema_version": 1,
          "attributes": {
            "arn": "arn:aws:ec2:us-east-1:907373327619:subnet/subnet-017dce8403d9deb35",
            "assign_ipv6_address_on_creation": false,
            "availability_zone": "us-east-1b",
            "availability_zone_id": "use1-az4",
            "cidr_block": "10.120.4.0/23",
            "customer_owned_ipv4_pool": "",
            "id": "subnet-017dce8403d9deb35",
            "ipv6_cidr_block": "",
            "ipv6_cidr_block_association_id": "",
            "map_customer_owned_ip_on_launch": false,
            "map_public_ip_on_launch": true,
            "outpost_arn": "",
            "owner_id": "907373327619",
            "tags": {
              "Name": "public_subnet_1_Staging"
            },
            "tags_all": {
              "Created_by": "Terraform",
              "Name": "public_subnet_1_Staging",
              "Project": "Ignite_team2_poc"
            },
            "timeouts": null,
            "vpc_id": "vpc-00e2cef60b5657e2e"
          },
          "sensitive_attributes": [],
          "private": "eyJlMmJmYjczMC1lY2FhLTExZTYtOGY4OC0zNDM2M2JjN2M0YzAiOnsiY3JlYXRlIjo2MDAwMDAwMDAwMDAsImRlbGV0ZSI6MTIwMDAwMDAwMDAwMH0sInNjaGVtYV92ZXJzaW9uIjoiMSJ9",
          "dependencies": [
            "module.networking2.aws_vpc.aws_vpc",
            "module.networking2.data.aws_availability_zones.az_availables"
          ]
        }
      ]
    },
    {
      "module": "module.networking2",
      "mode": "managed",
      "type": "aws_vpc",
      "name": "aws_vpc",
      "provider": "provider[\"registry.terraform.io/hashicorp/aws\"]",
      "instances": [
        {
          "schema_version": 1,
          "attributes": {
            "arn": "arn:aws:ec2:us-east-1:907373327619:vpc/vpc-00e2cef60b5657e2e",
            "assign_generated_ipv6_cidr_block": false,
            "cidr_block": "10.120.0.0/16",
            "default_network_acl_id": "acl-0a39d81612518258f",
            "default_route_table_id": "rtb-01e45cfacbb542d76",
            "default_security_group_id": "sg-02c8a38b161bc0009",
            "dhcp_options_id": "dopt-2a525a50",
            "enable_classiclink": false,
            "enable_classiclink_dns_support": false,
            "enable_dns_hostnames": true,
            "enable_dns_support": true,
            "id": "vpc-00e2cef60b5657e2e",
            "instance_tenancy": "default",
            "ipv6_association_id": "",
            "ipv6_cidr_block": "",
            "main_route_table_id": "rtb-01e45cfacbb542d76",
            "owner_id": "907373327619",
            "tags": {
              "Name": "vpc_Staging"
            },
            "tags_all": {
              "Created_by": "Terraform",
              "Name": "vpc_Staging",
              "Project": "Ignite_team2_poc"
            }
          },
          "sensitive_attributes": [],
          "private": "eyJzY2hlbWFfdmVyc2lvbiI6IjEifQ=="
        }
      ]
    },
    {
      "module": "module.networking3",
      "mode": "data",
      "type": "aws_availability_zones",
      "name": "az_availables",
      "provider": "provider[\"registry.terraform.io/hashicorp/aws\"]",
      "instances": [
        {
          "schema_version": 0,
          "attributes": {
            "all_availability_zones": null,
            "exclude_names": null,
            "exclude_zone_ids": null,
            "filter": null,
            "group_names": [
              "us-east-1"
            ],
            "id": "us-east-1",
            "names": [
              "us-east-1a",
              "us-east-1b",
              "us-east-1c",
              "us-east-1d",
              "us-east-1e",
              "us-east-1f"
            ],
            "state": "available",
            "zone_ids": [
              "use1-az2",
              "use1-az4",
              "use1-az6",
              "use1-az1",
              "use1-az3",
              "use1-az5"
            ]
          },
          "sensitive_attributes": []
        }
      ]
    },
    {
      "module": "module.networking3",
      "mode": "managed",
      "type": "aws_subnet",
      "name": "private_subnets_client",
      "provider": "provider[\"registry.terraform.io/hashicorp/aws\"]",
      "instances": [
        {
          "index_key": 0,
          "schema_version": 1,
          "attributes": {
            "arn": "arn:aws:ec2:us-east-1:907373327619:subnet/subnet-01d0efde6d4deaff0",
            "assign_ipv6_address_on_creation": false,
            "availability_zone": "us-east-1a",
            "availability_zone_id": "use1-az2",
            "cidr_block": "10.120.6.0/23",
            "customer_owned_ipv4_pool": "",
            "id": "subnet-01d0efde6d4deaff0",
            "ipv6_cidr_block": "",
            "ipv6_cidr_block_association_id": "",
            "map_customer_owned_ip_on_launch": false,
            "map_public_ip_on_launch": false,
            "outpost_arn": "",
            "owner_id": "907373327619",
            "tags": {
              "Name": "private_subnet_client_0_Development"
            },
            "tags_all": {
              "Created_by": "Terraform",
              "Name": "private_subnet_client_0_Development",
              "Project": "Ignite_team2_poc"
            },
            "timeouts": null,
            "vpc_id": "vpc-0a19ab3f024ce52ff"
          },
          "sensitive_attributes": [],
          "private": "eyJlMmJmYjczMC1lY2FhLTExZTYtOGY4OC0zNDM2M2JjN2M0YzAiOnsiY3JlYXRlIjo2MDAwMDAwMDAwMDAsImRlbGV0ZSI6MTIwMDAwMDAwMDAwMH0sInNjaGVtYV92ZXJzaW9uIjoiMSJ9",
          "dependencies": [
            "module.networking3.aws_vpc.aws_vpc",
            "module.networking3.data.aws_availability_zones.az_availables"
          ]
        },
        {
          "index_key": 1,
          "schema_version": 1,
          "attributes": {
            "arn": "arn:aws:ec2:us-east-1:907373327619:subnet/subnet-095ca9e2c9381902d",
            "assign_ipv6_address_on_creation": false,
            "availability_zone": "us-east-1b",
            "availability_zone_id": "use1-az4",
            "cidr_block": "10.120.8.0/23",
            "customer_owned_ipv4_pool": "",
            "id": "subnet-095ca9e2c9381902d",
            "ipv6_cidr_block": "",
            "ipv6_cidr_block_association_id": "",
            "map_customer_owned_ip_on_launch": false,
            "map_public_ip_on_launch": false,
            "outpost_arn": "",
            "owner_id": "907373327619",
            "tags": {
              "Name": "private_subnet_client_1_Development"
            },
            "tags_all": {
              "Created_by": "Terraform",
              "Name": "private_subnet_client_1_Development",
              "Project": "Ignite_team2_poc"
            },
            "timeouts": null,
            "vpc_id": "vpc-0a19ab3f024ce52ff"
          },
          "sensitive_attributes": [],
          "private": "eyJlMmJmYjczMC1lY2FhLTExZTYtOGY4OC0zNDM2M2JjN2M0YzAiOnsiY3JlYXRlIjo2MDAwMDAwMDAwMDAsImRlbGV0ZSI6MTIwMDAwMDAwMDAwMH0sInNjaGVtYV92ZXJzaW9uIjoiMSJ9",
          "dependencies": [
            "module.networking3.aws_vpc.aws_vpc",
            "module.networking3.data.aws_availability_zones.az_availables"
          ]
        }
      ]
    },
    {
      "module": "module.networking3",
      "mode": "managed",
      "type": "aws_subnet",
      "name": "public_subnets",
      "provider": "provider[\"registry.terraform.io/hashicorp/aws\"]",
      "instances": [
        {
          "index_key": 0,
          "schema_version": 1,
          "attributes": {
            "arn": "arn:aws:ec2:us-east-1:907373327619:subnet/subnet-01d5006cf259d63e4",
            "assign_ipv6_address_on_creation": false,
            "availability_zone": "us-east-1a",
            "availability_zone_id": "use1-az2",
            "cidr_block": "10.120.2.0/23",
            "customer_owned_ipv4_pool": "",
            "id": "subnet-01d5006cf259d63e4",
            "ipv6_cidr_block": "",
            "ipv6_cidr_block_association_id": "",
            "map_customer_owned_ip_on_launch": false,
            "map_public_ip_on_launch": true,
            "outpost_arn": "",
            "owner_id": "907373327619",
            "tags": {
              "Name": "public_subnet_0_Development"
            },
            "tags_all": {
              "Created_by": "Terraform",
              "Name": "public_subnet_0_Development",
              "Project": "Ignite_team2_poc"
            },
            "timeouts": null,
            "vpc_id": "vpc-0a19ab3f024ce52ff"
          },
          "sensitive_attributes": [],
          "private": "eyJlMmJmYjczMC1lY2FhLTExZTYtOGY4OC0zNDM2M2JjN2M0YzAiOnsiY3JlYXRlIjo2MDAwMDAwMDAwMDAsImRlbGV0ZSI6MTIwMDAwMDAwMDAwMH0sInNjaGVtYV92ZXJzaW9uIjoiMSJ9",
          "dependencies": [
            "module.networking3.aws_vpc.aws_vpc",
            "module.networking3.data.aws_availability_zones.az_availables"
          ]
        },
        {
          "index_key": 1,
          "schema_version": 1,
          "attributes": {
            "arn": "arn:aws:ec2:us-east-1:907373327619:subnet/subnet-071aa039b786b3199",
            "assign_ipv6_address_on_creation": false,
            "availability_zone": "us-east-1b",
            "availability_zone_id": "use1-az4",
            "cidr_block": "10.120.4.0/23",
            "customer_owned_ipv4_pool": "",
            "id": "subnet-071aa039b786b3199",
            "ipv6_cidr_block": "",
            "ipv6_cidr_block_association_id": "",
            "map_customer_owned_ip_on_launch": false,
            "map_public_ip_on_launch": true,
            "outpost_arn": "",
            "owner_id": "907373327619",
            "tags": {
              "Name": "public_subnet_1_Development"
            },
            "tags_all": {
              "Created_by": "Terraform",
              "Name": "public_subnet_1_Development",
              "Project": "Ignite_team2_poc"
            },
            "timeouts": null,
            "vpc_id": "vpc-0a19ab3f024ce52ff"
          },
          "sensitive_attributes": [],
          "private": "eyJlMmJmYjczMC1lY2FhLTExZTYtOGY4OC0zNDM2M2JjN2M0YzAiOnsiY3JlYXRlIjo2MDAwMDAwMDAwMDAsImRlbGV0ZSI6MTIwMDAwMDAwMDAwMH0sInNjaGVtYV92ZXJzaW9uIjoiMSJ9",
          "dependencies": [
            "module.networking3.aws_vpc.aws_vpc",
            "module.networking3.data.aws_availability_zones.az_availables"
          ]
        }
      ]
    },
    {
      "module": "module.networking3",
      "mode": "managed",
      "type": "aws_vpc",
      "name": "aws_vpc",
      "provider": "provider[\"registry.terraform.io/hashicorp/aws\"]",
      "instances": [
        {
          "schema_version": 1,
          "attributes": {
            "arn": "arn:aws:ec2:us-east-1:907373327619:vpc/vpc-0a19ab3f024ce52ff",
            "assign_generated_ipv6_cidr_block": false,
            "cidr_block": "10.120.0.0/16",
            "default_network_acl_id": "acl-0e49622afb5df06ef",
            "default_route_table_id": "rtb-0f18dde4c3fe5d764",
            "default_security_group_id": "sg-0d88c68013be72d72",
            "dhcp_options_id": "dopt-2a525a50",
            "enable_classiclink": false,
            "enable_classiclink_dns_support": false,
            "enable_dns_hostnames": true,
            "enable_dns_support": true,
            "id": "vpc-0a19ab3f024ce52ff",
            "instance_tenancy": "default",
            "ipv6_association_id": "",
            "ipv6_cidr_block": "",
            "main_route_table_id": "rtb-0f18dde4c3fe5d764",
            "owner_id": "907373327619",
            "tags": {
              "Name": "vpc_Development"
            },
            "tags_all": {
              "Created_by": "Terraform",
              "Name": "vpc_Development",
              "Project": "Ignite_team2_poc"
            }
          },
          "sensitive_attributes": [],
          "private": "eyJzY2hlbWFfdmVyc2lvbiI6IjEifQ=="
        }
      ]
    }
  ]
}
