{
  "version": 4,
  "terraform_version": "1.0.2",
  "serial": 124,
  "lineage": "9172ff84-26d7-8403-4230-c8f77ec2bced",
  "outputs": {},
  "resources": [
    {
      "mode": "data",
      "type": "aws_caller_identity",
      "name": "id_current_account",
      "provider": "provider[\"registry.terraform.io/hashicorp/aws\"]",
      "instances": [
        {
          "schema_version": 0,
          "attributes": {
            "account_id": "907373327619",
            "arn": "arn:aws:iam::907373327619:user/DejiAdmin",
            "id": "907373327619",
            "user_id": "AIDA5GQ5KGUBTLYVLSFUH"
          },
          "sensitive_attributes": []
        }
      ]
    },
    {
      "mode": "managed",
      "type": "random_id",
      "name": "RANDOM_ID",
      "provider": "provider[\"registry.terraform.io/hashicorp/random\"]",
      "instances": [
        {
          "schema_version": 0,
          "attributes": {
            "b64_std": "jao=",
            "b64_url": "jao",
            "byte_length": 2,
            "dec": "36266",
            "hex": "8daa",
            "id": "jao",
            "keepers": null,
            "prefix": null
          },
          "sensitive_attributes": [],
          "private": "bnVsbA=="
        }
      ]
    },
    {
      "module": "module.IGW",
      "mode": "managed",
      "type": "aws_default_route_table",
      "name": "rt_public",
      "provider": "provider[\"registry.terraform.io/hashicorp/aws\"]",
      "instances": [
        {
          "schema_version": 0,
          "attributes": {
            "arn": "arn:aws:ec2:us-east-1:907373327619:route-table/rtb-0a6a14e312bb73bd1",
            "default_route_table_id": "rtb-0a6a14e312bb73bd1",
            "id": "rtb-0a6a14e312bb73bd1",
            "owner_id": "907373327619",
            "propagating_vgws": [],
            "route": [
              {
                "cidr_block": "0.0.0.0/0",
                "destination_prefix_list_id": "",
                "egress_only_gateway_id": "",
                "gateway_id": "igw-0a0be1cd1847866ca",
                "instance_id": "",
                "ipv6_cidr_block": "",
                "nat_gateway_id": "",
                "network_interface_id": "",
                "transit_gateway_id": "",
                "vpc_endpoint_id": "",
                "vpc_peering_connection_id": ""
              }
            ],
            "tags": {
              "Name": "public_rt_Shared_Services"
            },
            "tags_all": {
              "Created_by": "Terraform",
              "Name": "public_rt_Shared_Services",
              "Project": "Ignite_team2_poc"
            },
            "vpc_id": "vpc-02b8ccc17231d4830"
          },
          "sensitive_attributes": [],
          "private": "bnVsbA==",
          "dependencies": [
            "module.IGW.aws_internet_gateway.igw",
            "module.networking5.aws_vpc.aws_vpc"
          ]
        }
      ]
    },
    {
      "module": "module.IGW",
      "mode": "managed",
      "type": "aws_internet_gateway",
      "name": "igw",
      "provider": "provider[\"registry.terraform.io/hashicorp/aws\"]",
      "instances": [
        {
          "schema_version": 0,
          "attributes": {
            "arn": "arn:aws:ec2:us-east-1:907373327619:internet-gateway/igw-0a0be1cd1847866ca",
            "id": "igw-0a0be1cd1847866ca",
            "owner_id": "907373327619",
            "tags": {
              "Name": "igw_Shared_Services"
            },
            "tags_all": {
              "Created_by": "Terraform",
              "Name": "igw_Shared_Services",
              "Project": "Ignite_team2_poc"
            },
            "vpc_id": "vpc-02b8ccc17231d4830"
          },
          "sensitive_attributes": [],
          "private": "bnVsbA==",
          "dependencies": [
            "module.networking5.aws_vpc.aws_vpc"
          ]
        }
      ]
    },
    {
      "module": "module.networking1",
      "mode": "data",
      "type": "aws_availability_zones",
      "name": "az_availables",
      "provider": "provider[\"registry.terraform.io/hashicorp/aws\"]",
      "instances": [
        {
          "schema_version": 0,
          "attributes": {
            "all_availability_zones": null,
            "exclude_names": null,
            "exclude_zone_ids": null,
            "filter": null,
            "group_names": [
              "us-east-1"
            ],
            "id": "us-east-1",
            "names": [
              "us-east-1a",
              "us-east-1b",
              "us-east-1c",
              "us-east-1d",
              "us-east-1e",
              "us-east-1f"
            ],
            "state": "available",
            "zone_ids": [
              "use1-az2",
              "use1-az4",
              "use1-az6",
              "use1-az1",
              "use1-az3",
              "use1-az5"
            ]
          },
          "sensitive_attributes": []
        }
      ]
    },
    {
      "module": "module.networking1",
      "mode": "managed",
      "type": "aws_subnet",
      "name": "private_subnets",
      "provider": "provider[\"registry.terraform.io/hashicorp/aws\"]",
      "instances": [
        {
          "index_key": 0,
          "schema_version": 1,
          "attributes": {
            "arn": "arn:aws:ec2:us-east-1:907373327619:subnet/subnet-04a0bb30ab59dc7e5",
            "assign_ipv6_address_on_creation": false,
            "availability_zone": "us-east-1a",
            "availability_zone_id": "use1-az2",
            "cidr_block": "10.120.6.0/23",
            "customer_owned_ipv4_pool": "",
            "id": "subnet-04a0bb30ab59dc7e5",
            "ipv6_cidr_block": "",
            "ipv6_cidr_block_association_id": "",
            "map_customer_owned_ip_on_launch": false,
            "map_public_ip_on_launch": false,
            "outpost_arn": "",
            "owner_id": "907373327619",
            "tags": {
              "Name": "private_subnet_0_Production"
            },
            "tags_all": {
              "Created_by": "Terraform",
              "Name": "private_subnet_0_Production",
              "Project": "Ignite_team2_poc"
            },
            "timeouts": null,
            "vpc_id": "vpc-00d709c58060fb312"
          },
          "sensitive_attributes": [],
          "private": "eyJlMmJmYjczMC1lY2FhLTExZTYtOGY4OC0zNDM2M2JjN2M0YzAiOnsiY3JlYXRlIjo2MDAwMDAwMDAwMDAsImRlbGV0ZSI6MTIwMDAwMDAwMDAwMH0sInNjaGVtYV92ZXJzaW9uIjoiMSJ9",
          "dependencies": [
            "module.networking1.aws_vpc.aws_vpc",
            "module.networking1.data.aws_availability_zones.az_availables"
          ]
        },
        {
          "index_key": 1,
          "schema_version": 1,
          "attributes": {
            "arn": "arn:aws:ec2:us-east-1:907373327619:subnet/subnet-09bd5b442c18c2d47",
            "assign_ipv6_address_on_creation": false,
            "availability_zone": "us-east-1b",
            "availability_zone_id": "use1-az4",
            "cidr_block": "10.120.8.0/23",
            "customer_owned_ipv4_pool": "",
            "id": "subnet-09bd5b442c18c2d47",
            "ipv6_cidr_block": "",
            "ipv6_cidr_block_association_id": "",
            "map_customer_owned_ip_on_launch": false,
            "map_public_ip_on_launch": false,
            "outpost_arn": "",
            "owner_id": "907373327619",
            "tags": {
              "Name": "private_subnet_1_Production"
            },
            "tags_all": {
              "Created_by": "Terraform",
              "Name": "private_subnet_1_Production",
              "Project": "Ignite_team2_poc"
            },
            "timeouts": null,
            "vpc_id": "vpc-00d709c58060fb312"
          },
          "sensitive_attributes": [],
          "private": "eyJlMmJmYjczMC1lY2FhLTExZTYtOGY4OC0zNDM2M2JjN2M0YzAiOnsiY3JlYXRlIjo2MDAwMDAwMDAwMDAsImRlbGV0ZSI6MTIwMDAwMDAwMDAwMH0sInNjaGVtYV92ZXJzaW9uIjoiMSJ9",
          "dependencies": [
            "module.networking1.aws_vpc.aws_vpc",
            "module.networking1.data.aws_availability_zones.az_availables"
          ]
        }
      ]
    },
    {
      "module": "module.networking1",
      "mode": "managed",
      "type": "aws_vpc",
      "name": "aws_vpc",
      "provider": "provider[\"registry.terraform.io/hashicorp/aws\"]",
      "instances": [
        {
          "schema_version": 1,
          "attributes": {
            "arn": "arn:aws:ec2:us-east-1:907373327619:vpc/vpc-00d709c58060fb312",
            "assign_generated_ipv6_cidr_block": false,
            "cidr_block": "10.120.0.0/16",
            "default_network_acl_id": "acl-0304ea6ef4f2aa3a3",
            "default_route_table_id": "rtb-0c0fc7647e505e755",
            "default_security_group_id": "sg-0eceea6e34a44fb8a",
            "dhcp_options_id": "dopt-2a525a50",
            "enable_classiclink": false,
            "enable_classiclink_dns_support": false,
            "enable_dns_hostnames": true,
            "enable_dns_support": true,
            "id": "vpc-00d709c58060fb312",
            "instance_tenancy": "default",
            "ipv6_association_id": "",
            "ipv6_cidr_block": "",
            "main_route_table_id": "rtb-0c0fc7647e505e755",
            "owner_id": "907373327619",
            "tags": {
              "Name": "vpc_Production"
            },
            "tags_all": {
              "Created_by": "Terraform",
              "Name": "vpc_Production",
              "Project": "Ignite_team2_poc"
            }
          },
          "sensitive_attributes": [],
          "private": "eyJzY2hlbWFfdmVyc2lvbiI6IjEifQ=="
        }
      ]
    },
    {
      "module": "module.networking2",
      "mode": "data",
      "type": "aws_availability_zones",
      "name": "az_availables",
      "provider": "provider[\"registry.terraform.io/hashicorp/aws\"]",
      "instances": [
        {
          "schema_version": 0,
          "attributes": {
            "all_availability_zones": null,
            "exclude_names": null,
            "exclude_zone_ids": null,
            "filter": null,
            "group_names": [
              "us-east-1"
            ],
            "id": "us-east-1",
            "names": [
              "us-east-1a",
              "us-east-1b",
              "us-east-1c",
              "us-east-1d",
              "us-east-1e",
              "us-east-1f"
            ],
            "state": "available",
            "zone_ids": [
              "use1-az2",
              "use1-az4",
              "use1-az6",
              "use1-az1",
              "use1-az3",
              "use1-az5"
            ]
          },
          "sensitive_attributes": []
        }
      ]
    },
    {
      "module": "module.networking2",
      "mode": "managed",
      "type": "aws_subnet",
      "name": "private_subnets",
      "provider": "provider[\"registry.terraform.io/hashicorp/aws\"]",
      "instances": [
        {
          "index_key": 0,
          "schema_version": 1,
          "attributes": {
            "arn": "arn:aws:ec2:us-east-1:907373327619:subnet/subnet-00fd62e773e00fb68",
            "assign_ipv6_address_on_creation": false,
            "availability_zone": "us-east-1a",
            "availability_zone_id": "use1-az2",
            "cidr_block": "10.121.6.0/23",
            "customer_owned_ipv4_pool": "",
            "id": "subnet-00fd62e773e00fb68",
            "ipv6_cidr_block": "",
            "ipv6_cidr_block_association_id": "",
            "map_customer_owned_ip_on_launch": false,
            "map_public_ip_on_launch": false,
            "outpost_arn": "",
            "owner_id": "907373327619",
            "tags": {
              "Name": "private_subnet_0_Staging"
            },
            "tags_all": {
              "Created_by": "Terraform",
              "Name": "private_subnet_0_Staging",
              "Project": "Ignite_team2_poc"
            },
            "timeouts": null,
            "vpc_id": "vpc-06aca15277da74333"
          },
          "sensitive_attributes": [],
          "private": "eyJlMmJmYjczMC1lY2FhLTExZTYtOGY4OC0zNDM2M2JjN2M0YzAiOnsiY3JlYXRlIjo2MDAwMDAwMDAwMDAsImRlbGV0ZSI6MTIwMDAwMDAwMDAwMH0sInNjaGVtYV92ZXJzaW9uIjoiMSJ9",
          "dependencies": [
            "module.networking2.aws_vpc.aws_vpc",
            "module.networking2.data.aws_availability_zones.az_availables"
          ]
        },
        {
          "index_key": 1,
          "schema_version": 1,
          "attributes": {
            "arn": "arn:aws:ec2:us-east-1:907373327619:subnet/subnet-07ed7c2ac94669fc5",
            "assign_ipv6_address_on_creation": false,
            "availability_zone": "us-east-1b",
            "availability_zone_id": "use1-az4",
            "cidr_block": "10.121.8.0/23",
            "customer_owned_ipv4_pool": "",
            "id": "subnet-07ed7c2ac94669fc5",
            "ipv6_cidr_block": "",
            "ipv6_cidr_block_association_id": "",
            "map_customer_owned_ip_on_launch": false,
            "map_public_ip_on_launch": false,
            "outpost_arn": "",
            "owner_id": "907373327619",
            "tags": {
              "Name": "private_subnet_1_Staging"
            },
            "tags_all": {
              "Created_by": "Terraform",
              "Name": "private_subnet_1_Staging",
              "Project": "Ignite_team2_poc"
            },
            "timeouts": null,
            "vpc_id": "vpc-06aca15277da74333"
          },
          "sensitive_attributes": [],
          "private": "eyJlMmJmYjczMC1lY2FhLTExZTYtOGY4OC0zNDM2M2JjN2M0YzAiOnsiY3JlYXRlIjo2MDAwMDAwMDAwMDAsImRlbGV0ZSI6MTIwMDAwMDAwMDAwMH0sInNjaGVtYV92ZXJzaW9uIjoiMSJ9",
          "dependencies": [
            "module.networking2.aws_vpc.aws_vpc",
            "module.networking2.data.aws_availability_zones.az_availables"
          ]
        }
      ]
    },
    {
      "module": "module.networking2",
      "mode": "managed",
      "type": "aws_vpc",
      "name": "aws_vpc",
      "provider": "provider[\"registry.terraform.io/hashicorp/aws\"]",
      "instances": [
        {
          "schema_version": 1,
          "attributes": {
            "arn": "arn:aws:ec2:us-east-1:907373327619:vpc/vpc-06aca15277da74333",
            "assign_generated_ipv6_cidr_block": false,
            "cidr_block": "10.121.0.0/16",
            "default_network_acl_id": "acl-0feb8a1926b6bc658",
            "default_route_table_id": "rtb-0dd299cbb6f254f9d",
            "default_security_group_id": "sg-02175e102fd0f376e",
            "dhcp_options_id": "dopt-2a525a50",
            "enable_classiclink": false,
            "enable_classiclink_dns_support": false,
            "enable_dns_hostnames": true,
            "enable_dns_support": true,
            "id": "vpc-06aca15277da74333",
            "instance_tenancy": "default",
            "ipv6_association_id": "",
            "ipv6_cidr_block": "",
            "main_route_table_id": "rtb-0dd299cbb6f254f9d",
            "owner_id": "907373327619",
            "tags": {
              "Name": "vpc_Staging"
            },
            "tags_all": {
              "Created_by": "Terraform",
              "Name": "vpc_Staging",
              "Project": "Ignite_team2_poc"
            }
          },
          "sensitive_attributes": [],
          "private": "eyJzY2hlbWFfdmVyc2lvbiI6IjEifQ=="
        }
      ]
    },
    {
      "module": "module.networking3",
      "mode": "data",
      "type": "aws_availability_zones",
      "name": "az_availables",
      "provider": "provider[\"registry.terraform.io/hashicorp/aws\"]",
      "instances": [
        {
          "schema_version": 0,
          "attributes": {
            "all_availability_zones": null,
            "exclude_names": null,
            "exclude_zone_ids": null,
            "filter": null,
            "group_names": [
              "us-east-1"
            ],
            "id": "us-east-1",
            "names": [
              "us-east-1a",
              "us-east-1b",
              "us-east-1c",
              "us-east-1d",
              "us-east-1e",
              "us-east-1f"
            ],
            "state": "available",
            "zone_ids": [
              "use1-az2",
              "use1-az4",
              "use1-az6",
              "use1-az1",
              "use1-az3",
              "use1-az5"
            ]
          },
          "sensitive_attributes": []
        }
      ]
    },
    {
      "module": "module.networking3",
      "mode": "managed",
      "type": "aws_subnet",
      "name": "private_subnets",
      "provider": "provider[\"registry.terraform.io/hashicorp/aws\"]",
      "instances": [
        {
          "index_key": 0,
          "schema_version": 1,
          "attributes": {
            "arn": "arn:aws:ec2:us-east-1:907373327619:subnet/subnet-08ba596682b0c21fc",
            "assign_ipv6_address_on_creation": false,
            "availability_zone": "us-east-1a",
            "availability_zone_id": "use1-az2",
            "cidr_block": "10.122.6.0/23",
            "customer_owned_ipv4_pool": "",
            "id": "subnet-08ba596682b0c21fc",
            "ipv6_cidr_block": "",
            "ipv6_cidr_block_association_id": "",
            "map_customer_owned_ip_on_launch": false,
            "map_public_ip_on_launch": false,
            "outpost_arn": "",
            "owner_id": "907373327619",
            "tags": {
              "Name": "private_subnet_0_Development"
            },
            "tags_all": {
              "Created_by": "Terraform",
              "Name": "private_subnet_0_Development",
              "Project": "Ignite_team2_poc"
            },
            "timeouts": null,
            "vpc_id": "vpc-0892f7451240184f8"
          },
          "sensitive_attributes": [],
          "private": "eyJlMmJmYjczMC1lY2FhLTExZTYtOGY4OC0zNDM2M2JjN2M0YzAiOnsiY3JlYXRlIjo2MDAwMDAwMDAwMDAsImRlbGV0ZSI6MTIwMDAwMDAwMDAwMH0sInNjaGVtYV92ZXJzaW9uIjoiMSJ9",
          "dependencies": [
            "module.networking3.aws_vpc.aws_vpc",
            "module.networking3.data.aws_availability_zones.az_availables"
          ]
        },
        {
          "index_key": 1,
          "schema_version": 1,
          "attributes": {
            "arn": "arn:aws:ec2:us-east-1:907373327619:subnet/subnet-0a3cdaedaf3d8680c",
            "assign_ipv6_address_on_creation": false,
            "availability_zone": "us-east-1b",
            "availability_zone_id": "use1-az4",
            "cidr_block": "10.122.8.0/23",
            "customer_owned_ipv4_pool": "",
            "id": "subnet-0a3cdaedaf3d8680c",
            "ipv6_cidr_block": "",
            "ipv6_cidr_block_association_id": "",
            "map_customer_owned_ip_on_launch": false,
            "map_public_ip_on_launch": false,
            "outpost_arn": "",
            "owner_id": "907373327619",
            "tags": {
              "Name": "private_subnet_1_Development"
            },
            "tags_all": {
              "Created_by": "Terraform",
              "Name": "private_subnet_1_Development",
              "Project": "Ignite_team2_poc"
            },
            "timeouts": null,
            "vpc_id": "vpc-0892f7451240184f8"
          },
          "sensitive_attributes": [],
          "private": "eyJlMmJmYjczMC1lY2FhLTExZTYtOGY4OC0zNDM2M2JjN2M0YzAiOnsiY3JlYXRlIjo2MDAwMDAwMDAwMDAsImRlbGV0ZSI6MTIwMDAwMDAwMDAwMH0sInNjaGVtYV92ZXJzaW9uIjoiMSJ9",
          "dependencies": [
            "module.networking3.aws_vpc.aws_vpc",
            "module.networking3.data.aws_availability_zones.az_availables"
          ]
        }
      ]
    },
    {
      "module": "module.networking3",
      "mode": "managed",
      "type": "aws_vpc",
      "name": "aws_vpc",
      "provider": "provider[\"registry.terraform.io/hashicorp/aws\"]",
      "instances": [
        {
          "schema_version": 1,
          "attributes": {
            "arn": "arn:aws:ec2:us-east-1:907373327619:vpc/vpc-0892f7451240184f8",
            "assign_generated_ipv6_cidr_block": false,
            "cidr_block": "10.122.0.0/16",
            "default_network_acl_id": "acl-0ef88c1af86a41452",
            "default_route_table_id": "rtb-0930fd38855e9faad",
            "default_security_group_id": "sg-0160f9cf68e9682c6",
            "dhcp_options_id": "dopt-2a525a50",
            "enable_classiclink": false,
            "enable_classiclink_dns_support": false,
            "enable_dns_hostnames": true,
            "enable_dns_support": true,
            "id": "vpc-0892f7451240184f8",
            "instance_tenancy": "default",
            "ipv6_association_id": "",
            "ipv6_cidr_block": "",
            "main_route_table_id": "rtb-0930fd38855e9faad",
            "owner_id": "907373327619",
            "tags": {
              "Name": "vpc_Development"
            },
            "tags_all": {
              "Created_by": "Terraform",
              "Name": "vpc_Development",
              "Project": "Ignite_team2_poc"
            }
          },
          "sensitive_attributes": [],
          "private": "eyJzY2hlbWFfdmVyc2lvbiI6IjEifQ=="
        }
      ]
    },
    {
      "module": "module.networking5",
      "mode": "data",
      "type": "aws_availability_zones",
      "name": "az_availables",
      "provider": "provider[\"registry.terraform.io/hashicorp/aws\"]",
      "instances": [
        {
          "schema_version": 0,
          "attributes": {
            "all_availability_zones": null,
            "exclude_names": null,
            "exclude_zone_ids": null,
            "filter": null,
            "group_names": [
              "us-east-1"
            ],
            "id": "us-east-1",
            "names": [
              "us-east-1a",
              "us-east-1b",
              "us-east-1c",
              "us-east-1d",
              "us-east-1e",
              "us-east-1f"
            ],
            "state": "available",
            "zone_ids": [
              "use1-az2",
              "use1-az4",
              "use1-az6",
              "use1-az1",
              "use1-az3",
              "use1-az5"
            ]
          },
          "sensitive_attributes": []
        }
      ]
    },
    {
      "module": "module.networking5",
      "mode": "managed",
      "type": "aws_route_table_association",
      "name": "rt_assoc_pub_subnets",
      "provider": "provider[\"registry.terraform.io/hashicorp/aws\"]",
      "instances": [
        {
          "index_key": 0,
          "schema_version": 0,
          "attributes": {
            "gateway_id": "",
            "id": "rtbassoc-01541cff371a384d3",
            "route_table_id": "rtb-0a6a14e312bb73bd1",
            "subnet_id": "subnet-0b6ac68a4262c7d26"
          },
          "sensitive_attributes": [],
          "private": "bnVsbA==",
          "dependencies": [
            "module.networking5.aws_subnet.public_subnets",
            "module.networking5.aws_vpc.aws_vpc"
          ]
        }
      ]
    },
    {
      "module": "module.networking5",
      "mode": "managed",
      "type": "aws_subnet",
      "name": "private_subnets",
      "provider": "provider[\"registry.terraform.io/hashicorp/aws\"]",
      "instances": [
        {
          "index_key": 0,
          "schema_version": 1,
          "attributes": {
            "arn": "arn:aws:ec2:us-east-1:907373327619:subnet/subnet-085326386665a3c4b",
            "assign_ipv6_address_on_creation": false,
            "availability_zone": "us-east-1a",
            "availability_zone_id": "use1-az2",
            "cidr_block": "10.123.6.0/23",
            "customer_owned_ipv4_pool": "",
            "id": "subnet-085326386665a3c4b",
            "ipv6_cidr_block": "",
            "ipv6_cidr_block_association_id": "",
            "map_customer_owned_ip_on_launch": false,
            "map_public_ip_on_launch": false,
            "outpost_arn": "",
            "owner_id": "907373327619",
            "tags": {
              "Name": "private_subnet_0_SharedServices"
            },
            "tags_all": {
              "Created_by": "Terraform",
              "Name": "private_subnet_0_SharedServices",
              "Project": "Ignite_team2_poc"
            },
            "timeouts": null,
            "vpc_id": "vpc-02b8ccc17231d4830"
          },
          "sensitive_attributes": [],
          "private": "eyJlMmJmYjczMC1lY2FhLTExZTYtOGY4OC0zNDM2M2JjN2M0YzAiOnsiY3JlYXRlIjo2MDAwMDAwMDAwMDAsImRlbGV0ZSI6MTIwMDAwMDAwMDAwMH0sInNjaGVtYV92ZXJzaW9uIjoiMSJ9",
          "dependencies": [
            "module.networking5.aws_vpc.aws_vpc",
            "module.networking5.data.aws_availability_zones.az_availables"
          ]
        }
      ]
    },
    {
      "module": "module.networking5",
      "mode": "managed",
      "type": "aws_subnet",
      "name": "public_subnets",
      "provider": "provider[\"registry.terraform.io/hashicorp/aws\"]",
      "instances": [
        {
          "index_key": 0,
          "schema_version": 1,
          "attributes": {
            "arn": "arn:aws:ec2:us-east-1:907373327619:subnet/subnet-0b6ac68a4262c7d26",
            "assign_ipv6_address_on_creation": false,
            "availability_zone": "us-east-1a",
            "availability_zone_id": "use1-az2",
            "cidr_block": "10.123.2.0/23",
            "customer_owned_ipv4_pool": "",
            "id": "subnet-0b6ac68a4262c7d26",
            "ipv6_cidr_block": "",
            "ipv6_cidr_block_association_id": "",
            "map_customer_owned_ip_on_launch": false,
            "map_public_ip_on_launch": true,
            "outpost_arn": "",
            "owner_id": "907373327619",
            "tags": {
              "Name": "public_subnet_0_SharedServices"
            },
            "tags_all": {
              "Created_by": "Terraform",
              "Name": "public_subnet_0_SharedServices",
              "Project": "Ignite_team2_poc"
            },
            "timeouts": null,
            "vpc_id": "vpc-02b8ccc17231d4830"
          },
          "sensitive_attributes": [],
          "private": "eyJlMmJmYjczMC1lY2FhLTExZTYtOGY4OC0zNDM2M2JjN2M0YzAiOnsiY3JlYXRlIjo2MDAwMDAwMDAwMDAsImRlbGV0ZSI6MTIwMDAwMDAwMDAwMH0sInNjaGVtYV92ZXJzaW9uIjoiMSJ9",
          "dependencies": [
            "module.networking5.aws_vpc.aws_vpc",
            "module.networking5.data.aws_availability_zones.az_availables"
          ]
        }
      ]
    },
    {
      "module": "module.networking5",
      "mode": "managed",
      "type": "aws_vpc",
      "name": "aws_vpc",
      "provider": "provider[\"registry.terraform.io/hashicorp/aws\"]",
      "instances": [
        {
          "schema_version": 1,
          "attributes": {
            "arn": "arn:aws:ec2:us-east-1:907373327619:vpc/vpc-02b8ccc17231d4830",
            "assign_generated_ipv6_cidr_block": false,
            "cidr_block": "10.123.0.0/16",
            "default_network_acl_id": "acl-02b51bf34eeebd489",
            "default_route_table_id": "rtb-0a6a14e312bb73bd1",
            "default_security_group_id": "sg-0f2c1f61101168b13",
            "dhcp_options_id": "dopt-2a525a50",
            "enable_classiclink": false,
            "enable_classiclink_dns_support": false,
            "enable_dns_hostnames": true,
            "enable_dns_support": true,
            "id": "vpc-02b8ccc17231d4830",
            "instance_tenancy": "default",
            "ipv6_association_id": "",
            "ipv6_cidr_block": "",
            "main_route_table_id": "rtb-0a6a14e312bb73bd1",
            "owner_id": "907373327619",
            "tags": {
              "Name": "vpc_SharedServices"
            },
            "tags_all": {
              "Created_by": "Terraform",
              "Name": "vpc_SharedServices",
              "Project": "Ignite_team2_poc"
            }
          },
          "sensitive_attributes": [],
          "private": "eyJzY2hlbWFfdmVyc2lvbiI6IjEifQ=="
        }
      ]
    }
  ]
}
