{
  "version": 4,
  "terraform_version": "1.0.2",
  "serial": 304,
  "lineage": "9172ff84-26d7-8403-4230-c8f77ec2bced",
  "outputs": {},
  "resources": [
    {
      "mode": "data",
      "type": "aws_caller_identity",
      "name": "id_current_account",
      "provider": "provider[\"registry.terraform.io/hashicorp/aws\"]",
      "instances": [
        {
          "schema_version": 0,
          "attributes": {
            "account_id": "907373327619",
            "arn": "arn:aws:iam::907373327619:user/DejiAdmin",
            "id": "907373327619",
            "user_id": "AIDA5GQ5KGUBTLYVLSFUH"
          },
          "sensitive_attributes": []
        }
      ]
    },
    {
      "mode": "managed",
      "type": "random_id",
      "name": "RANDOM_ID",
      "provider": "provider[\"registry.terraform.io/hashicorp/random\"]",
      "instances": [
        {
          "schema_version": 0,
          "attributes": {
            "b64_std": "X4s=",
            "b64_url": "X4s",
            "byte_length": 2,
            "dec": "24459",
            "hex": "5f8b",
            "id": "X4s",
            "keepers": null,
            "prefix": null
          },
          "sensitive_attributes": [],
          "private": "bnVsbA=="
        }
      ]
    },
    {
      "module": "module.IGW",
      "mode": "managed",
      "type": "aws_default_route_table",
      "name": "rt_public",
      "provider": "provider[\"registry.terraform.io/hashicorp/aws\"]",
      "instances": [
        {
          "schema_version": 0,
          "attributes": {
            "arn": "arn:aws:ec2:us-east-1:907373327619:route-table/rtb-04cf8ed30fb641a4a",
            "default_route_table_id": "rtb-04cf8ed30fb641a4a",
            "id": "rtb-04cf8ed30fb641a4a",
            "owner_id": "907373327619",
            "propagating_vgws": null,
            "route": [
              {
                "cidr_block": "0.0.0.0/0",
                "destination_prefix_list_id": "",
                "egress_only_gateway_id": "",
                "gateway_id": "igw-0caa2c2a1cdcbc9db",
                "instance_id": "",
                "ipv6_cidr_block": "",
                "nat_gateway_id": "",
                "network_interface_id": "",
                "transit_gateway_id": "",
                "vpc_endpoint_id": "",
                "vpc_peering_connection_id": ""
              }
            ],
            "tags": {
              "Name": "public_rt_Shared_Services"
            },
            "tags_all": {
              "Created_by": "Terraform",
              "Name": "public_rt_Shared_Services",
              "Project": "Ignite_team2_poc"
            },
            "vpc_id": "vpc-001e6d0e45e2004a6"
          },
          "sensitive_attributes": [],
          "private": "bnVsbA==",
          "dependencies": [
            "module.IGW.aws_internet_gateway.igw",
            "module.networking5.aws_vpc.aws_vpc"
          ]
        }
      ]
    },
    {
      "module": "module.IGW",
      "mode": "managed",
      "type": "aws_internet_gateway",
      "name": "igw",
      "provider": "provider[\"registry.terraform.io/hashicorp/aws\"]",
      "instances": [
        {
          "schema_version": 0,
          "attributes": {
            "arn": "arn:aws:ec2:us-east-1:907373327619:internet-gateway/igw-0caa2c2a1cdcbc9db",
            "id": "igw-0caa2c2a1cdcbc9db",
            "owner_id": "907373327619",
            "tags": {
              "Name": "igw_Shared_Services"
            },
            "tags_all": {
              "Created_by": "Terraform",
              "Name": "igw_Shared_Services",
              "Project": "Ignite_team2_poc"
            },
            "vpc_id": "vpc-001e6d0e45e2004a6"
          },
          "sensitive_attributes": [],
          "private": "bnVsbA==",
          "dependencies": [
            "module.networking5.aws_vpc.aws_vpc"
          ]
        }
      ]
    },
    {
      "module": "module.networking1",
      "mode": "data",
      "type": "aws_availability_zones",
      "name": "az_availables",
      "provider": "provider[\"registry.terraform.io/hashicorp/aws\"]",
      "instances": [
        {
          "schema_version": 0,
          "attributes": {
            "all_availability_zones": null,
            "exclude_names": null,
            "exclude_zone_ids": null,
            "filter": null,
            "group_names": [
              "us-east-1"
            ],
            "id": "us-east-1",
            "names": [
              "us-east-1a",
              "us-east-1b",
              "us-east-1c",
              "us-east-1d",
              "us-east-1e",
              "us-east-1f"
            ],
            "state": "available",
            "zone_ids": [
              "use1-az2",
              "use1-az4",
              "use1-az6",
              "use1-az1",
              "use1-az3",
              "use1-az5"
            ]
          },
          "sensitive_attributes": []
        }
      ]
    },
    {
      "module": "module.networking1",
      "mode": "managed",
      "type": "aws_ec2_transit_gateway_vpc_attachment",
      "name": "transit_gateway",
      "provider": "provider[\"registry.terraform.io/hashicorp/aws\"]",
      "instances": [
        {
          "schema_version": 0,
          "attributes": {
            "appliance_mode_support": "disable",
            "dns_support": "enable",
            "id": "tgw-attach-08b49bfcd7a83b82e",
            "ipv6_support": "disable",
            "subnet_ids": [
              "subnet-0569981bb1b8f06bb"
            ],
            "tags": {
              "Name": "tgw_Production"
            },
            "tags_all": {
              "Created_by": "Terraform",
              "Name": "tgw_Production",
              "Project": "Ignite_team2_poc"
            },
            "transit_gateway_default_route_table_association": true,
            "transit_gateway_default_route_table_propagation": true,
            "transit_gateway_id": "tgw-032d2d0823a7f2833",
            "vpc_id": "vpc-07988106d64af5e93",
            "vpc_owner_id": "907373327619"
          },
          "sensitive_attributes": [],
          "private": "bnVsbA==",
          "dependencies": [
            "module.networking1.aws_subnet.private_subnets",
            "module.networking1.aws_vpc.aws_vpc",
            "module.networking1.data.aws_availability_zones.az_availables",
            "module.tgw.aws_ec2_transit_gateway.tgw"
          ]
        }
      ]
    },
    {
      "module": "module.networking1",
      "mode": "managed",
      "type": "aws_subnet",
      "name": "private_subnets",
      "provider": "provider[\"registry.terraform.io/hashicorp/aws\"]",
      "instances": [
        {
          "index_key": 0,
          "schema_version": 1,
          "attributes": {
            "arn": "arn:aws:ec2:us-east-1:907373327619:subnet/subnet-0569981bb1b8f06bb",
            "assign_ipv6_address_on_creation": false,
            "availability_zone": "us-east-1a",
            "availability_zone_id": "use1-az2",
            "cidr_block": "10.120.6.0/23",
            "customer_owned_ipv4_pool": "",
            "id": "subnet-0569981bb1b8f06bb",
            "ipv6_cidr_block": "",
            "ipv6_cidr_block_association_id": "",
            "map_customer_owned_ip_on_launch": false,
            "map_public_ip_on_launch": false,
            "outpost_arn": "",
            "owner_id": "907373327619",
            "tags": {
              "Name": "private_subnet_0_Production"
            },
            "tags_all": {
              "Created_by": "Terraform",
              "Name": "private_subnet_0_Production",
              "Project": "Ignite_team2_poc"
            },
            "timeouts": null,
            "vpc_id": "vpc-07988106d64af5e93"
          },
          "sensitive_attributes": [],
          "private": "eyJlMmJmYjczMC1lY2FhLTExZTYtOGY4OC0zNDM2M2JjN2M0YzAiOnsiY3JlYXRlIjo2MDAwMDAwMDAwMDAsImRlbGV0ZSI6MTIwMDAwMDAwMDAwMH0sInNjaGVtYV92ZXJzaW9uIjoiMSJ9",
          "dependencies": [
            "module.networking1.aws_vpc.aws_vpc",
            "module.networking1.data.aws_availability_zones.az_availables"
          ]
        },
        {
          "index_key": 1,
          "schema_version": 1,
          "attributes": {
            "arn": "arn:aws:ec2:us-east-1:907373327619:subnet/subnet-02bd1338779e21676",
            "assign_ipv6_address_on_creation": false,
            "availability_zone": "us-east-1b",
            "availability_zone_id": "use1-az4",
            "cidr_block": "10.120.8.0/23",
            "customer_owned_ipv4_pool": "",
            "id": "subnet-02bd1338779e21676",
            "ipv6_cidr_block": "",
            "ipv6_cidr_block_association_id": "",
            "map_customer_owned_ip_on_launch": false,
            "map_public_ip_on_launch": false,
            "outpost_arn": "",
            "owner_id": "907373327619",
            "tags": {
              "Name": "private_subnet_1_Production"
            },
            "tags_all": {
              "Created_by": "Terraform",
              "Name": "private_subnet_1_Production",
              "Project": "Ignite_team2_poc"
            },
            "timeouts": null,
            "vpc_id": "vpc-07988106d64af5e93"
          },
          "sensitive_attributes": [],
          "private": "eyJlMmJmYjczMC1lY2FhLTExZTYtOGY4OC0zNDM2M2JjN2M0YzAiOnsiY3JlYXRlIjo2MDAwMDAwMDAwMDAsImRlbGV0ZSI6MTIwMDAwMDAwMDAwMH0sInNjaGVtYV92ZXJzaW9uIjoiMSJ9",
          "dependencies": [
            "module.networking1.aws_vpc.aws_vpc",
            "module.networking1.data.aws_availability_zones.az_availables"
          ]
        }
      ]
    },
    {
      "module": "module.networking1",
      "mode": "managed",
      "type": "aws_vpc",
      "name": "aws_vpc",
      "provider": "provider[\"registry.terraform.io/hashicorp/aws\"]",
      "instances": [
        {
          "schema_version": 1,
          "attributes": {
            "arn": "arn:aws:ec2:us-east-1:907373327619:vpc/vpc-07988106d64af5e93",
            "assign_generated_ipv6_cidr_block": false,
            "cidr_block": "10.120.0.0/16",
            "default_network_acl_id": "acl-0f6e7c486c874fb67",
            "default_route_table_id": "rtb-0c7dcf549bef38338",
            "default_security_group_id": "sg-051eef2468c76f3b7",
            "dhcp_options_id": "dopt-2a525a50",
            "enable_classiclink": false,
            "enable_classiclink_dns_support": false,
            "enable_dns_hostnames": true,
            "enable_dns_support": true,
            "id": "vpc-07988106d64af5e93",
            "instance_tenancy": "default",
            "ipv6_association_id": "",
            "ipv6_cidr_block": "",
            "main_route_table_id": "rtb-0c7dcf549bef38338",
            "owner_id": "907373327619",
            "tags": {
              "Name": "vpc_Production"
            },
            "tags_all": {
              "Created_by": "Terraform",
              "Name": "vpc_Production",
              "Project": "Ignite_team2_poc"
            }
          },
          "sensitive_attributes": [],
          "private": "eyJzY2hlbWFfdmVyc2lvbiI6IjEifQ=="
        }
      ]
    },
    {
      "module": "module.networking2",
      "mode": "data",
      "type": "aws_availability_zones",
      "name": "az_availables",
      "provider": "provider[\"registry.terraform.io/hashicorp/aws\"]",
      "instances": [
        {
          "schema_version": 0,
          "attributes": {
            "all_availability_zones": null,
            "exclude_names": null,
            "exclude_zone_ids": null,
            "filter": null,
            "group_names": [
              "us-east-1"
            ],
            "id": "us-east-1",
            "names": [
              "us-east-1a",
              "us-east-1b",
              "us-east-1c",
              "us-east-1d",
              "us-east-1e",
              "us-east-1f"
            ],
            "state": "available",
            "zone_ids": [
              "use1-az2",
              "use1-az4",
              "use1-az6",
              "use1-az1",
              "use1-az3",
              "use1-az5"
            ]
          },
          "sensitive_attributes": []
        }
      ]
    },
    {
      "module": "module.networking2",
      "mode": "managed",
      "type": "aws_ec2_transit_gateway_vpc_attachment",
      "name": "transit_gateway",
      "provider": "provider[\"registry.terraform.io/hashicorp/aws\"]",
      "instances": [
        {
          "schema_version": 0,
          "attributes": {
            "appliance_mode_support": "disable",
            "dns_support": "enable",
            "id": "tgw-attach-0f06eaed11981c220",
            "ipv6_support": "disable",
            "subnet_ids": [
              "subnet-070bea05d40b95be5"
            ],
            "tags": {
              "Name": "tgw_Staging"
            },
            "tags_all": {
              "Created_by": "Terraform",
              "Name": "tgw_Staging",
              "Project": "Ignite_team2_poc"
            },
            "transit_gateway_default_route_table_association": true,
            "transit_gateway_default_route_table_propagation": true,
            "transit_gateway_id": "tgw-032d2d0823a7f2833",
            "vpc_id": "vpc-027feb62895fd34c3",
            "vpc_owner_id": "907373327619"
          },
          "sensitive_attributes": [],
          "private": "bnVsbA==",
          "dependencies": [
            "module.networking2.aws_subnet.private_subnets",
            "module.networking2.aws_vpc.aws_vpc",
            "module.networking2.data.aws_availability_zones.az_availables",
            "module.tgw.aws_ec2_transit_gateway.tgw"
          ]
        }
      ]
    },
    {
      "module": "module.networking2",
      "mode": "managed",
      "type": "aws_subnet",
      "name": "private_subnets",
      "provider": "provider[\"registry.terraform.io/hashicorp/aws\"]",
      "instances": [
        {
          "index_key": 0,
          "schema_version": 1,
          "attributes": {
            "arn": "arn:aws:ec2:us-east-1:907373327619:subnet/subnet-070bea05d40b95be5",
            "assign_ipv6_address_on_creation": false,
            "availability_zone": "us-east-1a",
            "availability_zone_id": "use1-az2",
            "cidr_block": "10.121.6.0/23",
            "customer_owned_ipv4_pool": "",
            "id": "subnet-070bea05d40b95be5",
            "ipv6_cidr_block": "",
            "ipv6_cidr_block_association_id": "",
            "map_customer_owned_ip_on_launch": false,
            "map_public_ip_on_launch": false,
            "outpost_arn": "",
            "owner_id": "907373327619",
            "tags": {
              "Name": "private_subnet_0_Staging"
            },
            "tags_all": {
              "Created_by": "Terraform",
              "Name": "private_subnet_0_Staging",
              "Project": "Ignite_team2_poc"
            },
            "timeouts": null,
            "vpc_id": "vpc-027feb62895fd34c3"
          },
          "sensitive_attributes": [],
          "private": "eyJlMmJmYjczMC1lY2FhLTExZTYtOGY4OC0zNDM2M2JjN2M0YzAiOnsiY3JlYXRlIjo2MDAwMDAwMDAwMDAsImRlbGV0ZSI6MTIwMDAwMDAwMDAwMH0sInNjaGVtYV92ZXJzaW9uIjoiMSJ9",
          "dependencies": [
            "module.networking2.aws_vpc.aws_vpc",
            "module.networking2.data.aws_availability_zones.az_availables"
          ]
        },
        {
          "index_key": 1,
          "schema_version": 1,
          "attributes": {
            "arn": "arn:aws:ec2:us-east-1:907373327619:subnet/subnet-00a3669ed92f5b93f",
            "assign_ipv6_address_on_creation": false,
            "availability_zone": "us-east-1b",
            "availability_zone_id": "use1-az4",
            "cidr_block": "10.121.8.0/23",
            "customer_owned_ipv4_pool": "",
            "id": "subnet-00a3669ed92f5b93f",
            "ipv6_cidr_block": "",
            "ipv6_cidr_block_association_id": "",
            "map_customer_owned_ip_on_launch": false,
            "map_public_ip_on_launch": false,
            "outpost_arn": "",
            "owner_id": "907373327619",
            "tags": {
              "Name": "private_subnet_1_Staging"
            },
            "tags_all": {
              "Created_by": "Terraform",
              "Name": "private_subnet_1_Staging",
              "Project": "Ignite_team2_poc"
            },
            "timeouts": null,
            "vpc_id": "vpc-027feb62895fd34c3"
          },
          "sensitive_attributes": [],
          "private": "eyJlMmJmYjczMC1lY2FhLTExZTYtOGY4OC0zNDM2M2JjN2M0YzAiOnsiY3JlYXRlIjo2MDAwMDAwMDAwMDAsImRlbGV0ZSI6MTIwMDAwMDAwMDAwMH0sInNjaGVtYV92ZXJzaW9uIjoiMSJ9",
          "dependencies": [
            "module.networking2.aws_vpc.aws_vpc",
            "module.networking2.data.aws_availability_zones.az_availables"
          ]
        }
      ]
    },
    {
      "module": "module.networking2",
      "mode": "managed",
      "type": "aws_vpc",
      "name": "aws_vpc",
      "provider": "provider[\"registry.terraform.io/hashicorp/aws\"]",
      "instances": [
        {
          "schema_version": 1,
          "attributes": {
            "arn": "arn:aws:ec2:us-east-1:907373327619:vpc/vpc-027feb62895fd34c3",
            "assign_generated_ipv6_cidr_block": false,
            "cidr_block": "10.121.0.0/16",
            "default_network_acl_id": "acl-011dfe7fcbba890e2",
            "default_route_table_id": "rtb-064f5a13a91ee0b6d",
            "default_security_group_id": "sg-0820a1d56ce43ef0e",
            "dhcp_options_id": "dopt-2a525a50",
            "enable_classiclink": false,
            "enable_classiclink_dns_support": false,
            "enable_dns_hostnames": true,
            "enable_dns_support": true,
            "id": "vpc-027feb62895fd34c3",
            "instance_tenancy": "default",
            "ipv6_association_id": "",
            "ipv6_cidr_block": "",
            "main_route_table_id": "rtb-064f5a13a91ee0b6d",
            "owner_id": "907373327619",
            "tags": {
              "Name": "vpc_Staging"
            },
            "tags_all": {
              "Created_by": "Terraform",
              "Name": "vpc_Staging",
              "Project": "Ignite_team2_poc"
            }
          },
          "sensitive_attributes": [],
          "private": "eyJzY2hlbWFfdmVyc2lvbiI6IjEifQ=="
        }
      ]
    },
    {
      "module": "module.networking3",
      "mode": "data",
      "type": "aws_availability_zones",
      "name": "az_availables",
      "provider": "provider[\"registry.terraform.io/hashicorp/aws\"]",
      "instances": [
        {
          "schema_version": 0,
          "attributes": {
            "all_availability_zones": null,
            "exclude_names": null,
            "exclude_zone_ids": null,
            "filter": null,
            "group_names": [
              "us-east-1"
            ],
            "id": "us-east-1",
            "names": [
              "us-east-1a",
              "us-east-1b",
              "us-east-1c",
              "us-east-1d",
              "us-east-1e",
              "us-east-1f"
            ],
            "state": "available",
            "zone_ids": [
              "use1-az2",
              "use1-az4",
              "use1-az6",
              "use1-az1",
              "use1-az3",
              "use1-az5"
            ]
          },
          "sensitive_attributes": []
        }
      ]
    },
    {
      "module": "module.networking3",
      "mode": "managed",
      "type": "aws_ec2_transit_gateway_vpc_attachment",
      "name": "transit_gateway",
      "provider": "provider[\"registry.terraform.io/hashicorp/aws\"]",
      "instances": [
        {
          "schema_version": 0,
          "attributes": {
            "appliance_mode_support": "disable",
            "dns_support": "enable",
            "id": "tgw-attach-0a5871c397a6c881a",
            "ipv6_support": "disable",
            "subnet_ids": [
              "subnet-07322836041c7f57a"
            ],
            "tags": {
              "Name": "tgw_Development"
            },
            "tags_all": {
              "Created_by": "Terraform",
              "Name": "tgw_Development",
              "Project": "Ignite_team2_poc"
            },
            "transit_gateway_default_route_table_association": true,
            "transit_gateway_default_route_table_propagation": true,
            "transit_gateway_id": "tgw-032d2d0823a7f2833",
            "vpc_id": "vpc-0df31ddedfd80c217",
            "vpc_owner_id": "907373327619"
          },
          "sensitive_attributes": [],
          "private": "bnVsbA==",
          "dependencies": [
            "module.networking3.aws_subnet.private_subnets",
            "module.networking3.aws_vpc.aws_vpc",
            "module.networking3.data.aws_availability_zones.az_availables",
            "module.tgw.aws_ec2_transit_gateway.tgw"
          ]
        }
      ]
    },
    {
      "module": "module.networking3",
      "mode": "managed",
      "type": "aws_subnet",
      "name": "private_subnets",
      "provider": "provider[\"registry.terraform.io/hashicorp/aws\"]",
      "instances": [
        {
          "index_key": 0,
          "schema_version": 1,
          "attributes": {
            "arn": "arn:aws:ec2:us-east-1:907373327619:subnet/subnet-07322836041c7f57a",
            "assign_ipv6_address_on_creation": false,
            "availability_zone": "us-east-1a",
            "availability_zone_id": "use1-az2",
            "cidr_block": "10.122.6.0/23",
            "customer_owned_ipv4_pool": "",
            "id": "subnet-07322836041c7f57a",
            "ipv6_cidr_block": "",
            "ipv6_cidr_block_association_id": "",
            "map_customer_owned_ip_on_launch": false,
            "map_public_ip_on_launch": false,
            "outpost_arn": "",
            "owner_id": "907373327619",
            "tags": {
              "Name": "private_subnet_0_Development"
            },
            "tags_all": {
              "Created_by": "Terraform",
              "Name": "private_subnet_0_Development",
              "Project": "Ignite_team2_poc"
            },
            "timeouts": null,
            "vpc_id": "vpc-0df31ddedfd80c217"
          },
          "sensitive_attributes": [],
          "private": "eyJlMmJmYjczMC1lY2FhLTExZTYtOGY4OC0zNDM2M2JjN2M0YzAiOnsiY3JlYXRlIjo2MDAwMDAwMDAwMDAsImRlbGV0ZSI6MTIwMDAwMDAwMDAwMH0sInNjaGVtYV92ZXJzaW9uIjoiMSJ9",
          "dependencies": [
            "module.networking3.aws_vpc.aws_vpc",
            "module.networking3.data.aws_availability_zones.az_availables"
          ]
        },
        {
          "index_key": 1,
          "schema_version": 1,
          "attributes": {
            "arn": "arn:aws:ec2:us-east-1:907373327619:subnet/subnet-07a1c5275f2df4a05",
            "assign_ipv6_address_on_creation": false,
            "availability_zone": "us-east-1b",
            "availability_zone_id": "use1-az4",
            "cidr_block": "10.122.8.0/23",
            "customer_owned_ipv4_pool": "",
            "id": "subnet-07a1c5275f2df4a05",
            "ipv6_cidr_block": "",
            "ipv6_cidr_block_association_id": "",
            "map_customer_owned_ip_on_launch": false,
            "map_public_ip_on_launch": false,
            "outpost_arn": "",
            "owner_id": "907373327619",
            "tags": {
              "Name": "private_subnet_1_Development"
            },
            "tags_all": {
              "Created_by": "Terraform",
              "Name": "private_subnet_1_Development",
              "Project": "Ignite_team2_poc"
            },
            "timeouts": null,
            "vpc_id": "vpc-0df31ddedfd80c217"
          },
          "sensitive_attributes": [],
          "private": "eyJlMmJmYjczMC1lY2FhLTExZTYtOGY4OC0zNDM2M2JjN2M0YzAiOnsiY3JlYXRlIjo2MDAwMDAwMDAwMDAsImRlbGV0ZSI6MTIwMDAwMDAwMDAwMH0sInNjaGVtYV92ZXJzaW9uIjoiMSJ9",
          "dependencies": [
            "module.networking3.aws_vpc.aws_vpc",
            "module.networking3.data.aws_availability_zones.az_availables"
          ]
        }
      ]
    },
    {
      "module": "module.networking3",
      "mode": "managed",
      "type": "aws_vpc",
      "name": "aws_vpc",
      "provider": "provider[\"registry.terraform.io/hashicorp/aws\"]",
      "instances": [
        {
          "schema_version": 1,
          "attributes": {
            "arn": "arn:aws:ec2:us-east-1:907373327619:vpc/vpc-0df31ddedfd80c217",
            "assign_generated_ipv6_cidr_block": false,
            "cidr_block": "10.122.0.0/16",
            "default_network_acl_id": "acl-01986635aba071eb7",
            "default_route_table_id": "rtb-0a16bd1b383662a77",
            "default_security_group_id": "sg-0e1ba6daa28fa3e82",
            "dhcp_options_id": "dopt-2a525a50",
            "enable_classiclink": false,
            "enable_classiclink_dns_support": false,
            "enable_dns_hostnames": true,
            "enable_dns_support": true,
            "id": "vpc-0df31ddedfd80c217",
            "instance_tenancy": "default",
            "ipv6_association_id": "",
            "ipv6_cidr_block": "",
            "main_route_table_id": "rtb-0a16bd1b383662a77",
            "owner_id": "907373327619",
            "tags": {
              "Name": "vpc_Development"
            },
            "tags_all": {
              "Created_by": "Terraform",
              "Name": "vpc_Development",
              "Project": "Ignite_team2_poc"
            }
          },
          "sensitive_attributes": [],
          "private": "eyJzY2hlbWFfdmVyc2lvbiI6IjEifQ=="
        }
      ]
    },
    {
      "module": "module.networking5",
      "mode": "data",
      "type": "aws_availability_zones",
      "name": "az_availables",
      "provider": "provider[\"registry.terraform.io/hashicorp/aws\"]",
      "instances": [
        {
          "schema_version": 0,
          "attributes": {
            "all_availability_zones": null,
            "exclude_names": null,
            "exclude_zone_ids": null,
            "filter": null,
            "group_names": [
              "us-east-1"
            ],
            "id": "us-east-1",
            "names": [
              "us-east-1a",
              "us-east-1b",
              "us-east-1c",
              "us-east-1d",
              "us-east-1e",
              "us-east-1f"
            ],
            "state": "available",
            "zone_ids": [
              "use1-az2",
              "use1-az4",
              "use1-az6",
              "use1-az1",
              "use1-az3",
              "use1-az5"
            ]
          },
          "sensitive_attributes": []
        }
      ]
    },
    {
      "module": "module.networking5",
      "mode": "managed",
      "type": "aws_ec2_transit_gateway_vpc_attachment",
      "name": "transit_gateway",
      "provider": "provider[\"registry.terraform.io/hashicorp/aws\"]",
      "instances": [
        {
          "schema_version": 0,
          "attributes": {
            "appliance_mode_support": "disable",
            "dns_support": "enable",
            "id": "tgw-attach-0d91b456e758a85a2",
            "ipv6_support": "disable",
            "subnet_ids": [
              "subnet-09f35a0ae29edcc75"
            ],
            "tags": {
              "Name": "tgw_SharedServices"
            },
            "tags_all": {
              "Created_by": "Terraform",
              "Name": "tgw_SharedServices",
              "Project": "Ignite_team2_poc"
            },
            "transit_gateway_default_route_table_association": true,
            "transit_gateway_default_route_table_propagation": true,
            "transit_gateway_id": "tgw-032d2d0823a7f2833",
            "vpc_id": "vpc-001e6d0e45e2004a6",
            "vpc_owner_id": "907373327619"
          },
          "sensitive_attributes": [],
          "private": "bnVsbA==",
          "dependencies": [
            "module.networking5.aws_subnet.private_subnets",
            "module.networking5.aws_vpc.aws_vpc",
            "module.networking5.data.aws_availability_zones.az_availables",
            "module.tgw.aws_ec2_transit_gateway.tgw"
          ]
        }
      ]
    },
    {
      "module": "module.networking5",
      "mode": "managed",
      "type": "aws_route_table_association",
      "name": "rt_assoc_pub_subnets",
      "provider": "provider[\"registry.terraform.io/hashicorp/aws\"]",
      "instances": [
        {
          "index_key": 0,
          "schema_version": 0,
          "attributes": {
            "gateway_id": "",
            "id": "rtbassoc-07a277d4115c8ede6",
            "route_table_id": "rtb-04cf8ed30fb641a4a",
            "subnet_id": "subnet-0c41a61ceef77b204"
          },
          "sensitive_attributes": [],
          "private": "bnVsbA==",
          "dependencies": [
            "module.networking5.aws_subnet.public_subnets",
            "module.networking5.aws_vpc.aws_vpc",
            "module.networking5.data.aws_availability_zones.az_availables"
          ]
        }
      ]
    },
    {
      "module": "module.networking5",
      "mode": "managed",
      "type": "aws_subnet",
      "name": "private_subnets",
      "provider": "provider[\"registry.terraform.io/hashicorp/aws\"]",
      "instances": [
        {
          "index_key": 0,
          "schema_version": 1,
          "attributes": {
            "arn": "arn:aws:ec2:us-east-1:907373327619:subnet/subnet-09f35a0ae29edcc75",
            "assign_ipv6_address_on_creation": false,
            "availability_zone": "us-east-1a",
            "availability_zone_id": "use1-az2",
            "cidr_block": "10.123.6.0/23",
            "customer_owned_ipv4_pool": "",
            "id": "subnet-09f35a0ae29edcc75",
            "ipv6_cidr_block": "",
            "ipv6_cidr_block_association_id": "",
            "map_customer_owned_ip_on_launch": false,
            "map_public_ip_on_launch": false,
            "outpost_arn": "",
            "owner_id": "907373327619",
            "tags": {
              "Name": "private_subnet_0_SharedServices"
            },
            "tags_all": {
              "Created_by": "Terraform",
              "Name": "private_subnet_0_SharedServices",
              "Project": "Ignite_team2_poc"
            },
            "timeouts": null,
            "vpc_id": "vpc-001e6d0e45e2004a6"
          },
          "sensitive_attributes": [],
          "private": "eyJlMmJmYjczMC1lY2FhLTExZTYtOGY4OC0zNDM2M2JjN2M0YzAiOnsiY3JlYXRlIjo2MDAwMDAwMDAwMDAsImRlbGV0ZSI6MTIwMDAwMDAwMDAwMH0sInNjaGVtYV92ZXJzaW9uIjoiMSJ9",
          "dependencies": [
            "module.networking5.aws_vpc.aws_vpc",
            "module.networking5.data.aws_availability_zones.az_availables"
          ]
        }
      ]
    },
    {
      "module": "module.networking5",
      "mode": "managed",
      "type": "aws_subnet",
      "name": "public_subnets",
      "provider": "provider[\"registry.terraform.io/hashicorp/aws\"]",
      "instances": [
        {
          "index_key": 0,
          "schema_version": 1,
          "attributes": {
            "arn": "arn:aws:ec2:us-east-1:907373327619:subnet/subnet-0c41a61ceef77b204",
            "assign_ipv6_address_on_creation": false,
            "availability_zone": "us-east-1a",
            "availability_zone_id": "use1-az2",
            "cidr_block": "10.123.2.0/23",
            "customer_owned_ipv4_pool": "",
            "id": "subnet-0c41a61ceef77b204",
            "ipv6_cidr_block": "",
            "ipv6_cidr_block_association_id": "",
            "map_customer_owned_ip_on_launch": false,
            "map_public_ip_on_launch": true,
            "outpost_arn": "",
            "owner_id": "907373327619",
            "tags": {
              "Name": "public_subnet_0_SharedServices"
            },
            "tags_all": {
              "Created_by": "Terraform",
              "Name": "public_subnet_0_SharedServices",
              "Project": "Ignite_team2_poc"
            },
            "timeouts": null,
            "vpc_id": "vpc-001e6d0e45e2004a6"
          },
          "sensitive_attributes": [],
          "private": "eyJlMmJmYjczMC1lY2FhLTExZTYtOGY4OC0zNDM2M2JjN2M0YzAiOnsiY3JlYXRlIjo2MDAwMDAwMDAwMDAsImRlbGV0ZSI6MTIwMDAwMDAwMDAwMH0sInNjaGVtYV92ZXJzaW9uIjoiMSJ9",
          "dependencies": [
            "module.networking5.aws_vpc.aws_vpc",
            "module.networking5.data.aws_availability_zones.az_availables"
          ]
        }
      ]
    },
    {
      "module": "module.networking5",
      "mode": "managed",
      "type": "aws_vpc",
      "name": "aws_vpc",
      "provider": "provider[\"registry.terraform.io/hashicorp/aws\"]",
      "instances": [
        {
          "schema_version": 1,
          "attributes": {
            "arn": "arn:aws:ec2:us-east-1:907373327619:vpc/vpc-001e6d0e45e2004a6",
            "assign_generated_ipv6_cidr_block": false,
            "cidr_block": "10.123.0.0/16",
            "default_network_acl_id": "acl-000ab3aa61a1cc5bf",
            "default_route_table_id": "rtb-04cf8ed30fb641a4a",
            "default_security_group_id": "sg-07883e2093e5835ba",
            "dhcp_options_id": "dopt-2a525a50",
            "enable_classiclink": false,
            "enable_classiclink_dns_support": false,
            "enable_dns_hostnames": true,
            "enable_dns_support": true,
            "id": "vpc-001e6d0e45e2004a6",
            "instance_tenancy": "default",
            "ipv6_association_id": "",
            "ipv6_cidr_block": "",
            "main_route_table_id": "rtb-04cf8ed30fb641a4a",
            "owner_id": "907373327619",
            "tags": {
              "Name": "vpc_SharedServices"
            },
            "tags_all": {
              "Created_by": "Terraform",
              "Name": "vpc_SharedServices",
              "Project": "Ignite_team2_poc"
            }
          },
          "sensitive_attributes": [],
          "private": "eyJzY2hlbWFfdmVyc2lvbiI6IjEifQ=="
        }
      ]
    },
    {
      "module": "module.tgw",
      "mode": "managed",
      "type": "aws_ec2_transit_gateway",
      "name": "tgw",
      "provider": "provider[\"registry.terraform.io/hashicorp/aws\"]",
      "instances": [
        {
          "schema_version": 0,
          "attributes": {
            "amazon_side_asn": 64512,
            "arn": "arn:aws:ec2:us-east-1:907373327619:transit-gateway/tgw-032d2d0823a7f2833",
            "association_default_route_table_id": "tgw-rtb-01682de7a70eeed1a",
            "auto_accept_shared_attachments": "disable",
            "default_route_table_association": "enable",
            "default_route_table_propagation": "enable",
            "description": "transit gateway",
            "dns_support": "enable",
            "id": "tgw-032d2d0823a7f2833",
            "owner_id": "907373327619",
            "propagation_default_route_table_id": "tgw-rtb-01682de7a70eeed1a",
            "tags": {
              "Name": "tgw_poc"
            },
            "tags_all": {
              "Created_by": "Terraform",
              "Name": "tgw_poc",
              "Project": "Ignite_team2_poc"
            },
            "vpn_ecmp_support": "enable"
          },
          "sensitive_attributes": [],
          "private": "bnVsbA=="
        }
      ]
    }
  ]
}
